// !$*UTF8*$!
{
	archiveVersion = 1;
	classes = {
	};
	objectVersion = 46;
	objects = {

/* Begin PBXBuildFile section */
		ED1D0B7E16724CD4009BE8FA /* Icon-72.png in Resources */ = {isa = PBXBuildFile; fileRef = ED1D0B7716724CD4009BE8FA /* Icon-72.png */; };
		ED1D0B7F16724CD4009BE8FA /* Icon-Small-50.png in Resources */ = {isa = PBXBuildFile; fileRef = ED1D0B7816724CD4009BE8FA /* Icon-Small-50.png */; };
		ED1D0B8016724CD4009BE8FA /* Icon-Small.png in Resources */ = {isa = PBXBuildFile; fileRef = ED1D0B7916724CD4009BE8FA /* Icon-Small.png */; };
		ED1D0B8116724CD4009BE8FA /* Icon-Small@2x.png in Resources */ = {isa = PBXBuildFile; fileRef = ED1D0B7A16724CD4009BE8FA /* Icon-Small@2x.png */; };
		ED1D0B8216724CD4009BE8FA /* icon.png in Resources */ = {isa = PBXBuildFile; fileRef = ED1D0B7B16724CD4009BE8FA /* icon.png */; };
		ED1D0B8316724CD4009BE8FA /* Icon@2x.png in Resources */ = {isa = PBXBuildFile; fileRef = ED1D0B7C16724CD4009BE8FA /* Icon@2x.png */; };
		ED1D0B8416724CD4009BE8FA /* iTunesArtwork in Resources */ = {isa = PBXBuildFile; fileRef = ED1D0B7D16724CD4009BE8FA /* iTunesArtwork */; };
		ED1D0BA11672769D009BE8FA /* MPAnimation.m in Sources */ = {isa = PBXBuildFile; fileRef = ED1D0B8C1672769D009BE8FA /* MPAnimation.m */; };
		ED1D0BA21672769D009BE8FA /* MPFlipTransition.m in Sources */ = {isa = PBXBuildFile; fileRef = ED1D0B8F1672769D009BE8FA /* MPFlipTransition.m */; };
		ED1D0BA31672769D009BE8FA /* MPFoldTransition.m in Sources */ = {isa = PBXBuildFile; fileRef = ED1D0B921672769D009BE8FA /* MPFoldTransition.m */; };
		ED1D0BA41672769D009BE8FA /* MPTransition.m in Sources */ = {isa = PBXBuildFile; fileRef = ED1D0B941672769D009BE8FA /* MPTransition.m */; };
		ED1D0BA51672769D009BE8FA /* MPFlipSegue.m in Sources */ = {isa = PBXBuildFile; fileRef = ED1D0B981672769D009BE8FA /* MPFlipSegue.m */; };
		ED1D0BA61672769D009BE8FA /* MPFoldModalSegue.m in Sources */ = {isa = PBXBuildFile; fileRef = ED1D0B9A1672769D009BE8FA /* MPFoldModalSegue.m */; };
		ED1D0BA71672769D009BE8FA /* MPFoldNavPopSegue.m in Sources */ = {isa = PBXBuildFile; fileRef = ED1D0B9C1672769D009BE8FA /* MPFoldNavPopSegue.m */; };
		ED1D0BA81672769D009BE8FA /* MPFoldNavPushSegue.m in Sources */ = {isa = PBXBuildFile; fileRef = ED1D0B9E1672769D009BE8FA /* MPFoldNavPushSegue.m */; };
		ED1D0BA91672769D009BE8FA /* MPFoldSegue.m in Sources */ = {isa = PBXBuildFile; fileRef = ED1D0BA01672769D009BE8FA /* MPFoldSegue.m */; };
		ED1D0BB416727D4C009BE8FA /* NPConstants.m in Sources */ = {isa = PBXBuildFile; fileRef = ED1D0BB316727D4C009BE8FA /* NPConstants.m */; };
		ED1D0BBC16728469009BE8FA /* NPAudioPlayerViewController.m in Sources */ = {isa = PBXBuildFile; fileRef = ED1D0BBB16728469009BE8FA /* NPAudioPlayerViewController.m */; };
		ED1D0BBF16729BF2009BE8FA /* MediaPlayer.framework in Frameworks */ = {isa = PBXBuildFile; fileRef = ED1D0BBD16729BE7009BE8FA /* MediaPlayer.framework */; };
		ED1D0BD81672AD53009BE8FA /* kiss_fft.c in Sources */ = {isa = PBXBuildFile; fileRef = ED1D0BD21672AD53009BE8FA /* kiss_fft.c */; };
		ED1D0BD91672AD53009BE8FA /* kiss_fftr.c in Sources */ = {isa = PBXBuildFile; fileRef = ED1D0BD41672AD53009BE8FA /* kiss_fftr.c */; };
		ED1D0BDA1672AD53009BE8FA /* KissFFT.cpp in Sources */ = {isa = PBXBuildFile; fileRef = ED1D0BD61672AD53009BE8FA /* KissFFT.cpp */; };
		ED1D0BE11672B392009BE8FA /* lgo_let_us_pray.mp3 in Resources */ = {isa = PBXBuildFile; fileRef = ED1D0BE01672B392009BE8FA /* lgo_let_us_pray.mp3 */; };
		ED36870F166FD3700019F726 /* circle-0.png in Resources */ = {isa = PBXBuildFile; fileRef = ED3686FA166FD3700019F726 /* circle-0.png */; };
		ED368710166FD3700019F726 /* circle-1.png in Resources */ = {isa = PBXBuildFile; fileRef = ED3686FB166FD3700019F726 /* circle-1.png */; };
		ED368711166FD3700019F726 /* circle-2.png in Resources */ = {isa = PBXBuildFile; fileRef = ED3686FC166FD3700019F726 /* circle-2.png */; };
		ED368712166FD3700019F726 /* circle-3.png in Resources */ = {isa = PBXBuildFile; fileRef = ED3686FD166FD3700019F726 /* circle-3.png */; };
		ED368713166FD3700019F726 /* circle-4.png in Resources */ = {isa = PBXBuildFile; fileRef = ED3686FE166FD3700019F726 /* circle-4.png */; };
		ED368714166FD3700019F726 /* circle-5.png in Resources */ = {isa = PBXBuildFile; fileRef = ED3686FF166FD3700019F726 /* circle-5.png */; };
		ED368715166FD3700019F726 /* circle-6.png in Resources */ = {isa = PBXBuildFile; fileRef = ED368700166FD3700019F726 /* circle-6.png */; };
		ED368716166FD3700019F726 /* circle-7.png in Resources */ = {isa = PBXBuildFile; fileRef = ED368701166FD3700019F726 /* circle-7.png */; };
		ED368717166FD3700019F726 /* circle-8.png in Resources */ = {isa = PBXBuildFile; fileRef = ED368702166FD3700019F726 /* circle-8.png */; };
		ED368718166FD3700019F726 /* circle-9.png in Resources */ = {isa = PBXBuildFile; fileRef = ED368703166FD3700019F726 /* circle-9.png */; };
		ED368719166FD3700019F726 /* circle-10.png in Resources */ = {isa = PBXBuildFile; fileRef = ED368704166FD3700019F726 /* circle-10.png */; };
		ED36871A166FD3700019F726 /* circle-11.png in Resources */ = {isa = PBXBuildFile; fileRef = ED368705166FD3700019F726 /* circle-11.png */; };
		ED36871B166FD3700019F726 /* circle-12.png in Resources */ = {isa = PBXBuildFile; fileRef = ED368706166FD3700019F726 /* circle-12.png */; };
		ED36871C166FD3700019F726 /* godofthieves.png in Resources */ = {isa = PBXBuildFile; fileRef = ED368707166FD3700019F726 /* godofthieves.png */; };
		ED36871D166FD3700019F726 /* gromacirclepink.png in Resources */ = {isa = PBXBuildFile; fileRef = ED368708166FD3700019F726 /* gromacirclepink.png */; };
		ED36871E166FD3700019F726 /* heads_1.png in Resources */ = {isa = PBXBuildFile; fileRef = ED368709166FD3700019F726 /* heads_1.png */; };
		ED36871F166FD3700019F726 /* heads_2.png in Resources */ = {isa = PBXBuildFile; fileRef = ED36870A166FD3700019F726 /* heads_2.png */; };
		ED368720166FD3700019F726 /* heads_3.png in Resources */ = {isa = PBXBuildFile; fileRef = ED36870B166FD3700019F726 /* heads_3.png */; };
		ED36872A1670111A0019F726 /* AppInfo.cpp in Sources */ = {isa = PBXBuildFile; fileRef = ED368728167011190019F726 /* AppInfo.cpp */; };
		EDC55C4E166E702400765AED /* UIKit.framework in Frameworks */ = {isa = PBXBuildFile; fileRef = EDC55C4D166E702400765AED /* UIKit.framework */; };
		EDC55C50166E702400765AED /* Foundation.framework in Frameworks */ = {isa = PBXBuildFile; fileRef = EDC55C4F166E702400765AED /* Foundation.framework */; };
		EDC55C52166E702400765AED /* CoreGraphics.framework in Frameworks */ = {isa = PBXBuildFile; fileRef = EDC55C51166E702400765AED /* CoreGraphics.framework */; };
		EDC55C58166E702400765AED /* InfoPlist.strings in Resources */ = {isa = PBXBuildFile; fileRef = EDC55C56166E702400765AED /* InfoPlist.strings */; };
		EDC55C5E166E702400765AED /* NPAppDelegate.mm in Sources */ = {isa = PBXBuildFile; fileRef = EDC55C5D166E702400765AED /* NPAppDelegate.mm */; };
		EDC55C60166E702400765AED /* Default.png in Resources */ = {isa = PBXBuildFile; fileRef = EDC55C5F166E702400765AED /* Default.png */; };
		EDC55C62166E702400765AED /* Default@2x.png in Resources */ = {isa = PBXBuildFile; fileRef = EDC55C61166E702400765AED /* Default@2x.png */; };
		EDC55C64166E702400765AED /* Default-568h@2x.png in Resources */ = {isa = PBXBuildFile; fileRef = EDC55C63166E702400765AED /* Default-568h@2x.png */; };
		EDC55C67166E702400765AED /* MainStoryboard_iPhone.storyboard in Resources */ = {isa = PBXBuildFile; fileRef = EDC55C65166E702400765AED /* MainStoryboard_iPhone.storyboard */; };
		EDC55C6A166E702400765AED /* MainStoryboard_iPad.storyboard in Resources */ = {isa = PBXBuildFile; fileRef = EDC55C68166E702400765AED /* MainStoryboard_iPad.storyboard */; };
		EDC55C6D166E702400765AED /* NPVisualizerViewController.mm in Sources */ = {isa = PBXBuildFile; fileRef = EDC55C6C166E702400765AED /* NPVisualizerViewController.mm */; };
		EDC55C75166E702400765AED /* SenTestingKit.framework in Frameworks */ = {isa = PBXBuildFile; fileRef = EDC55C74166E702400765AED /* SenTestingKit.framework */; };
		EDC55C76166E702400765AED /* UIKit.framework in Frameworks */ = {isa = PBXBuildFile; fileRef = EDC55C4D166E702400765AED /* UIKit.framework */; };
		EDC55C77166E702400765AED /* Foundation.framework in Frameworks */ = {isa = PBXBuildFile; fileRef = EDC55C4F166E702400765AED /* Foundation.framework */; };
		EDC55C7F166E702400765AED /* InfoPlist.strings in Resources */ = {isa = PBXBuildFile; fileRef = EDC55C7D166E702400765AED /* InfoPlist.strings */; };
		EDC55C82166E702400765AED /* NerusphereSETests.m in Sources */ = {isa = PBXBuildFile; fileRef = EDC55C81166E702400765AED /* NerusphereSETests.m */; };
		EDC55C8E166E708C00765AED /* main.m in Sources */ = {isa = PBXBuildFile; fileRef = EDC55C8D166E708C00765AED /* main.m */; };
		EDC55C9A166E711400765AED /* CCGLTouchAppDelegate.mm in Sources */ = {isa = PBXBuildFile; fileRef = EDC55C95166E711400765AED /* CCGLTouchAppDelegate.mm */; };
		EDC55C9B166E711400765AED /* CCGLTouchView.mm in Sources */ = {isa = PBXBuildFile; fileRef = EDC55C97166E711400765AED /* CCGLTouchView.mm */; };
		EDC55C9C166E711400765AED /* CCGLTouchViewController.mm in Sources */ = {isa = PBXBuildFile; fileRef = EDC55C99166E711400765AED /* CCGLTouchViewController.mm */; };
		EDC55CAD166E732A00765AED /* AudioToolbox.framework in Frameworks */ = {isa = PBXBuildFile; fileRef = EDC55CA1166E731200765AED /* AudioToolbox.framework */; };
		EDC55CAE166E732A00765AED /* AVFoundation.framework in Frameworks */ = {isa = PBXBuildFile; fileRef = EDC55CA2166E731200765AED /* AVFoundation.framework */; };
		EDC55CAF166E732A00765AED /* CoreMedia.framework in Frameworks */ = {isa = PBXBuildFile; fileRef = EDC55CA3166E731200765AED /* CoreMedia.framework */; };
		EDC55CB0166E732A00765AED /* CoreText.framework in Frameworks */ = {isa = PBXBuildFile; fileRef = EDC55CA4166E731200765AED /* CoreText.framework */; };
		EDC55CB1166E732A00765AED /* OpenGLES.framework in Frameworks */ = {isa = PBXBuildFile; fileRef = EDC55CA5166E731200765AED /* OpenGLES.framework */; };
		EDC55CB2166E732A00765AED /* QuartzCore.framework in Frameworks */ = {isa = PBXBuildFile; fileRef = EDC55CA6166E731200765AED /* QuartzCore.framework */; };
		EDC55CB6166E736500765AED /* CoreAudio.framework in Frameworks */ = {isa = PBXBuildFile; fileRef = EDC55CB4166E735600765AED /* CoreAudio.framework */; };
		EDC55CB9166E737D00765AED /* CoreVideo.framework in Frameworks */ = {isa = PBXBuildFile; fileRef = EDC55CB7166E737100765AED /* CoreVideo.framework */; };
		EDC55CC6166E816400765AED /* NPRootViewController.mm in Sources */ = {isa = PBXBuildFile; fileRef = EDC55CC5166E816400765AED /* NPRootViewController.mm */; };
		EDC55DBD166E82D700765AED /* b2BroadPhase.cpp in Sources */ = {isa = PBXBuildFile; fileRef = EDC55D2E166E82D700765AED /* b2BroadPhase.cpp */; };
		EDC55DBE166E82D700765AED /* b2CollideCircle.cpp in Sources */ = {isa = PBXBuildFile; fileRef = EDC55D30166E82D700765AED /* b2CollideCircle.cpp */; };
		EDC55DBF166E82D700765AED /* b2CollideEdge.cpp in Sources */ = {isa = PBXBuildFile; fileRef = EDC55D31166E82D700765AED /* b2CollideEdge.cpp */; };
		EDC55DC0166E82D700765AED /* b2CollidePolygon.cpp in Sources */ = {isa = PBXBuildFile; fileRef = EDC55D32166E82D700765AED /* b2CollidePolygon.cpp */; };
		EDC55DC1166E82D700765AED /* b2Collision.cpp in Sources */ = {isa = PBXBuildFile; fileRef = EDC55D33166E82D700765AED /* b2Collision.cpp */; };
		EDC55DC2166E82D700765AED /* b2Distance.cpp in Sources */ = {isa = PBXBuildFile; fileRef = EDC55D35166E82D700765AED /* b2Distance.cpp */; };
		EDC55DC3166E82D700765AED /* b2DynamicTree.cpp in Sources */ = {isa = PBXBuildFile; fileRef = EDC55D37166E82D700765AED /* b2DynamicTree.cpp */; };
		EDC55DC4166E82D700765AED /* b2TimeOfImpact.cpp in Sources */ = {isa = PBXBuildFile; fileRef = EDC55D39166E82D700765AED /* b2TimeOfImpact.cpp */; };
		EDC55DC5166E82D700765AED /* b2ChainShape.cpp in Sources */ = {isa = PBXBuildFile; fileRef = EDC55D3C166E82D700765AED /* b2ChainShape.cpp */; };
		EDC55DC6166E82D700765AED /* b2CircleShape.cpp in Sources */ = {isa = PBXBuildFile; fileRef = EDC55D3E166E82D700765AED /* b2CircleShape.cpp */; };
		EDC55DC7166E82D700765AED /* b2EdgeShape.cpp in Sources */ = {isa = PBXBuildFile; fileRef = EDC55D40166E82D700765AED /* b2EdgeShape.cpp */; };
		EDC55DC8166E82D700765AED /* b2PolygonShape.cpp in Sources */ = {isa = PBXBuildFile; fileRef = EDC55D42166E82D700765AED /* b2PolygonShape.cpp */; };
		EDC55DC9166E82D700765AED /* b2BlockAllocator.cpp in Sources */ = {isa = PBXBuildFile; fileRef = EDC55D46166E82D700765AED /* b2BlockAllocator.cpp */; };
		EDC55DCA166E82D700765AED /* b2Draw.cpp in Sources */ = {isa = PBXBuildFile; fileRef = EDC55D48166E82D700765AED /* b2Draw.cpp */; };
		EDC55DCB166E82D700765AED /* b2Math.cpp in Sources */ = {isa = PBXBuildFile; fileRef = EDC55D4B166E82D700765AED /* b2Math.cpp */; };
		EDC55DCC166E82D700765AED /* b2Settings.cpp in Sources */ = {isa = PBXBuildFile; fileRef = EDC55D4D166E82D700765AED /* b2Settings.cpp */; };
		EDC55DCD166E82D700765AED /* b2StackAllocator.cpp in Sources */ = {isa = PBXBuildFile; fileRef = EDC55D4F166E82D700765AED /* b2StackAllocator.cpp */; };
		EDC55DCE166E82D700765AED /* b2Timer.cpp in Sources */ = {isa = PBXBuildFile; fileRef = EDC55D51166E82D700765AED /* b2Timer.cpp */; };
		EDC55DCF166E82D700765AED /* b2Body.cpp in Sources */ = {isa = PBXBuildFile; fileRef = EDC55D54166E82D700765AED /* b2Body.cpp */; };
		EDC55DD0166E82D700765AED /* b2ContactManager.cpp in Sources */ = {isa = PBXBuildFile; fileRef = EDC55D56166E82D700765AED /* b2ContactManager.cpp */; };
		EDC55DD1166E82D700765AED /* b2Fixture.cpp in Sources */ = {isa = PBXBuildFile; fileRef = EDC55D58166E82D700765AED /* b2Fixture.cpp */; };
		EDC55DD2166E82D700765AED /* b2Island.cpp in Sources */ = {isa = PBXBuildFile; fileRef = EDC55D5A166E82D700765AED /* b2Island.cpp */; };
		EDC55DD3166E82D700765AED /* b2World.cpp in Sources */ = {isa = PBXBuildFile; fileRef = EDC55D5D166E82D700765AED /* b2World.cpp */; };
		EDC55DD4166E82D700765AED /* b2WorldCallbacks.cpp in Sources */ = {isa = PBXBuildFile; fileRef = EDC55D5F166E82D700765AED /* b2WorldCallbacks.cpp */; };
		EDC55DD5166E82D700765AED /* b2ChainAndCircleContact.cpp in Sources */ = {isa = PBXBuildFile; fileRef = EDC55D62166E82D700765AED /* b2ChainAndCircleContact.cpp */; };
		EDC55DD6166E82D700765AED /* b2ChainAndPolygonContact.cpp in Sources */ = {isa = PBXBuildFile; fileRef = EDC55D64166E82D700765AED /* b2ChainAndPolygonContact.cpp */; };
		EDC55DD7166E82D700765AED /* b2CircleContact.cpp in Sources */ = {isa = PBXBuildFile; fileRef = EDC55D66166E82D700765AED /* b2CircleContact.cpp */; };
		EDC55DD8166E82D700765AED /* b2Contact.cpp in Sources */ = {isa = PBXBuildFile; fileRef = EDC55D68166E82D700765AED /* b2Contact.cpp */; };
		EDC55DD9166E82D700765AED /* b2ContactSolver.cpp in Sources */ = {isa = PBXBuildFile; fileRef = EDC55D6A166E82D700765AED /* b2ContactSolver.cpp */; };
		EDC55DDA166E82D700765AED /* b2EdgeAndCircleContact.cpp in Sources */ = {isa = PBXBuildFile; fileRef = EDC55D6C166E82D700765AED /* b2EdgeAndCircleContact.cpp */; };
		EDC55DDB166E82D700765AED /* b2EdgeAndPolygonContact.cpp in Sources */ = {isa = PBXBuildFile; fileRef = EDC55D6E166E82D700765AED /* b2EdgeAndPolygonContact.cpp */; };
		EDC55DDC166E82D700765AED /* b2PolygonAndCircleContact.cpp in Sources */ = {isa = PBXBuildFile; fileRef = EDC55D70166E82D700765AED /* b2PolygonAndCircleContact.cpp */; };
		EDC55DDD166E82D700765AED /* b2PolygonContact.cpp in Sources */ = {isa = PBXBuildFile; fileRef = EDC55D72166E82D700765AED /* b2PolygonContact.cpp */; };
		EDC55DDE166E82D700765AED /* b2DistanceJoint.cpp in Sources */ = {isa = PBXBuildFile; fileRef = EDC55D75166E82D700765AED /* b2DistanceJoint.cpp */; };
		EDC55DDF166E82D700765AED /* b2FrictionJoint.cpp in Sources */ = {isa = PBXBuildFile; fileRef = EDC55D77166E82D700765AED /* b2FrictionJoint.cpp */; };
		EDC55DE0166E82D700765AED /* b2GearJoint.cpp in Sources */ = {isa = PBXBuildFile; fileRef = EDC55D79166E82D700765AED /* b2GearJoint.cpp */; };
		EDC55DE1166E82D700765AED /* b2Joint.cpp in Sources */ = {isa = PBXBuildFile; fileRef = EDC55D7B166E82D700765AED /* b2Joint.cpp */; };
		EDC55DE2166E82D700765AED /* b2MouseJoint.cpp in Sources */ = {isa = PBXBuildFile; fileRef = EDC55D7D166E82D700765AED /* b2MouseJoint.cpp */; };
		EDC55DE3166E82D700765AED /* b2PrismaticJoint.cpp in Sources */ = {isa = PBXBuildFile; fileRef = EDC55D7F166E82D700765AED /* b2PrismaticJoint.cpp */; };
		EDC55DE4166E82D700765AED /* b2PulleyJoint.cpp in Sources */ = {isa = PBXBuildFile; fileRef = EDC55D81166E82D700765AED /* b2PulleyJoint.cpp */; };
		EDC55DE5166E82D700765AED /* b2RevoluteJoint.cpp in Sources */ = {isa = PBXBuildFile; fileRef = EDC55D83166E82D700765AED /* b2RevoluteJoint.cpp */; };
		EDC55DE6166E82D700765AED /* b2RopeJoint.cpp in Sources */ = {isa = PBXBuildFile; fileRef = EDC55D85166E82D700765AED /* b2RopeJoint.cpp */; };
		EDC55DE7166E82D700765AED /* b2WeldJoint.cpp in Sources */ = {isa = PBXBuildFile; fileRef = EDC55D87166E82D700765AED /* b2WeldJoint.cpp */; };
		EDC55DE8166E82D700765AED /* b2WheelJoint.cpp in Sources */ = {isa = PBXBuildFile; fileRef = EDC55D89166E82D700765AED /* b2WheelJoint.cpp */; };
		EDC55DE9166E82D700765AED /* b2Rope.cpp in Sources */ = {isa = PBXBuildFile; fileRef = EDC55D8C166E82D700765AED /* b2Rope.cpp */; };
		EDC55DFC166E86ED00765AED /* Constants.cpp in Sources */ = {isa = PBXBuildFile; fileRef = EDC55DEE166E86ED00765AED /* Constants.cpp */; };
		EDC55DFD166E86ED00765AED /* AudioAnalyzer.mm in Sources */ = {isa = PBXBuildFile; fileRef = EDC55DF1166E86ED00765AED /* AudioAnalyzer.mm */; };
		EDC55DFE166E86ED00765AED /* ParticleSystem.cpp in Sources */ = {isa = PBXBuildFile; fileRef = EDC55DF3166E86ED00765AED /* ParticleSystem.cpp */; };
		EDC55DFF166E86ED00765AED /* PhysicsObject.cpp in Sources */ = {isa = PBXBuildFile; fileRef = EDC55DF5166E86ED00765AED /* PhysicsObject.cpp */; };
		EDC55E00166E86ED00765AED /* Planet.cpp in Sources */ = {isa = PBXBuildFile; fileRef = EDC55DF7166E86ED00765AED /* Planet.cpp */; };
		EDC55E01166E86ED00765AED /* Textures.cpp in Sources */ = {isa = PBXBuildFile; fileRef = EDC55DF9166E86ED00765AED /* Textures.cpp */; };
		EDC55E02166E86ED00765AED /* WorldController.cpp in Sources */ = {isa = PBXBuildFile; fileRef = EDC55DFB166E86ED00765AED /* WorldController.cpp */; };
		EDC55E0D166E8CE900765AED /* NPVisualizerView.mm in Sources */ = {isa = PBXBuildFile; fileRef = EDC55E0C166E8CE900765AED /* NPVisualizerView.mm */; };
/* End PBXBuildFile section */

/* Begin PBXContainerItemProxy section */
		EDC55C78166E702400765AED /* PBXContainerItemProxy */ = {
			isa = PBXContainerItemProxy;
			containerPortal = EDC55C40166E702400765AED /* Project object */;
			proxyType = 1;
			remoteGlobalIDString = EDC55C48166E702400765AED;
			remoteInfo = NerusphereSE;
		};
/* End PBXContainerItemProxy section */

/* Begin PBXFileReference section */
		ED1D0B7716724CD4009BE8FA /* Icon-72.png */ = {isa = PBXFileReference; lastKnownFileType = image.png; name = "Icon-72.png"; path = "Resources/Icon-72.png"; sourceTree = "<group>"; };
		ED1D0B7816724CD4009BE8FA /* Icon-Small-50.png */ = {isa = PBXFileReference; lastKnownFileType = image.png; name = "Icon-Small-50.png"; path = "Resources/Icon-Small-50.png"; sourceTree = "<group>"; };
		ED1D0B7916724CD4009BE8FA /* Icon-Small.png */ = {isa = PBXFileReference; lastKnownFileType = image.png; name = "Icon-Small.png"; path = "Resources/Icon-Small.png"; sourceTree = "<group>"; };
		ED1D0B7A16724CD4009BE8FA /* Icon-Small@2x.png */ = {isa = PBXFileReference; lastKnownFileType = image.png; name = "Icon-Small@2x.png"; path = "Resources/Icon-Small@2x.png"; sourceTree = "<group>"; };
		ED1D0B7B16724CD4009BE8FA /* icon.png */ = {isa = PBXFileReference; lastKnownFileType = image.png; name = icon.png; path = Resources/icon.png; sourceTree = "<group>"; };
		ED1D0B7C16724CD4009BE8FA /* Icon@2x.png */ = {isa = PBXFileReference; lastKnownFileType = image.png; name = "Icon@2x.png"; path = "Resources/Icon@2x.png"; sourceTree = "<group>"; };
		ED1D0B7D16724CD4009BE8FA /* iTunesArtwork */ = {isa = PBXFileReference; lastKnownFileType = file; name = iTunesArtwork; path = Resources/iTunesArtwork; sourceTree = "<group>"; };
		ED1D0B8B1672769D009BE8FA /* MPAnimation.h */ = {isa = PBXFileReference; fileEncoding = 4; lastKnownFileType = sourcecode.c.h; path = MPAnimation.h; sourceTree = "<group>"; };
		ED1D0B8C1672769D009BE8FA /* MPAnimation.m */ = {isa = PBXFileReference; fileEncoding = 4; lastKnownFileType = sourcecode.c.objc; path = MPAnimation.m; sourceTree = "<group>"; };
		ED1D0B8D1672769D009BE8FA /* MPFlipEnumerations.h */ = {isa = PBXFileReference; fileEncoding = 4; lastKnownFileType = sourcecode.c.h; path = MPFlipEnumerations.h; sourceTree = "<group>"; };
		ED1D0B8E1672769D009BE8FA /* MPFlipTransition.h */ = {isa = PBXFileReference; fileEncoding = 4; lastKnownFileType = sourcecode.c.h; path = MPFlipTransition.h; sourceTree = "<group>"; };
		ED1D0B8F1672769D009BE8FA /* MPFlipTransition.m */ = {isa = PBXFileReference; fileEncoding = 4; lastKnownFileType = sourcecode.c.objc; path = MPFlipTransition.m; sourceTree = "<group>"; };
		ED1D0B901672769D009BE8FA /* MPFoldEnumerations.h */ = {isa = PBXFileReference; fileEncoding = 4; lastKnownFileType = sourcecode.c.h; path = MPFoldEnumerations.h; sourceTree = "<group>"; };
		ED1D0B911672769D009BE8FA /* MPFoldTransition.h */ = {isa = PBXFileReference; fileEncoding = 4; lastKnownFileType = sourcecode.c.h; path = MPFoldTransition.h; sourceTree = "<group>"; };
		ED1D0B921672769D009BE8FA /* MPFoldTransition.m */ = {isa = PBXFileReference; fileEncoding = 4; lastKnownFileType = sourcecode.c.objc; path = MPFoldTransition.m; sourceTree = "<group>"; };
		ED1D0B931672769D009BE8FA /* MPTransition.h */ = {isa = PBXFileReference; fileEncoding = 4; lastKnownFileType = sourcecode.c.h; path = MPTransition.h; sourceTree = "<group>"; };
		ED1D0B941672769D009BE8FA /* MPTransition.m */ = {isa = PBXFileReference; fileEncoding = 4; lastKnownFileType = sourcecode.c.objc; path = MPTransition.m; sourceTree = "<group>"; };
		ED1D0B951672769D009BE8FA /* MPTransitionEnumerations.h */ = {isa = PBXFileReference; fileEncoding = 4; lastKnownFileType = sourcecode.c.h; path = MPTransitionEnumerations.h; sourceTree = "<group>"; };
		ED1D0B971672769D009BE8FA /* MPFlipSegue.h */ = {isa = PBXFileReference; fileEncoding = 4; lastKnownFileType = sourcecode.c.h; path = MPFlipSegue.h; sourceTree = "<group>"; };
		ED1D0B981672769D009BE8FA /* MPFlipSegue.m */ = {isa = PBXFileReference; fileEncoding = 4; lastKnownFileType = sourcecode.c.objc; path = MPFlipSegue.m; sourceTree = "<group>"; };
		ED1D0B991672769D009BE8FA /* MPFoldModalSegue.h */ = {isa = PBXFileReference; fileEncoding = 4; lastKnownFileType = sourcecode.c.h; path = MPFoldModalSegue.h; sourceTree = "<group>"; };
		ED1D0B9A1672769D009BE8FA /* MPFoldModalSegue.m */ = {isa = PBXFileReference; fileEncoding = 4; lastKnownFileType = sourcecode.c.objc; path = MPFoldModalSegue.m; sourceTree = "<group>"; };
		ED1D0B9B1672769D009BE8FA /* MPFoldNavPopSegue.h */ = {isa = PBXFileReference; fileEncoding = 4; lastKnownFileType = sourcecode.c.h; path = MPFoldNavPopSegue.h; sourceTree = "<group>"; };
		ED1D0B9C1672769D009BE8FA /* MPFoldNavPopSegue.m */ = {isa = PBXFileReference; fileEncoding = 4; lastKnownFileType = sourcecode.c.objc; path = MPFoldNavPopSegue.m; sourceTree = "<group>"; };
		ED1D0B9D1672769D009BE8FA /* MPFoldNavPushSegue.h */ = {isa = PBXFileReference; fileEncoding = 4; lastKnownFileType = sourcecode.c.h; path = MPFoldNavPushSegue.h; sourceTree = "<group>"; };
		ED1D0B9E1672769D009BE8FA /* MPFoldNavPushSegue.m */ = {isa = PBXFileReference; fileEncoding = 4; lastKnownFileType = sourcecode.c.objc; path = MPFoldNavPushSegue.m; sourceTree = "<group>"; };
		ED1D0B9F1672769D009BE8FA /* MPFoldSegue.h */ = {isa = PBXFileReference; fileEncoding = 4; lastKnownFileType = sourcecode.c.h; path = MPFoldSegue.h; sourceTree = "<group>"; };
		ED1D0BA01672769D009BE8FA /* MPFoldSegue.m */ = {isa = PBXFileReference; fileEncoding = 4; lastKnownFileType = sourcecode.c.objc; path = MPFoldSegue.m; sourceTree = "<group>"; };
		ED1D0BB216727D4C009BE8FA /* NPConstants.h */ = {isa = PBXFileReference; fileEncoding = 4; lastKnownFileType = sourcecode.c.h; name = NPConstants.h; path = NerusphereSE/Classes/NPConstants.h; sourceTree = "<group>"; };
		ED1D0BB316727D4C009BE8FA /* NPConstants.m */ = {isa = PBXFileReference; fileEncoding = 4; lastKnownFileType = sourcecode.c.objc; name = NPConstants.m; path = NerusphereSE/Classes/NPConstants.m; sourceTree = "<group>"; };
		ED1D0BBA16728469009BE8FA /* NPAudioPlayerViewController.h */ = {isa = PBXFileReference; fileEncoding = 4; lastKnownFileType = sourcecode.c.h; name = NPAudioPlayerViewController.h; path = Classes/NPAudioPlayerViewController.h; sourceTree = "<group>"; };
		ED1D0BBB16728469009BE8FA /* NPAudioPlayerViewController.m */ = {isa = PBXFileReference; fileEncoding = 4; lastKnownFileType = sourcecode.c.objc; name = NPAudioPlayerViewController.m; path = Classes/NPAudioPlayerViewController.m; sourceTree = "<group>"; };
		ED1D0BBD16729BE7009BE8FA /* MediaPlayer.framework */ = {isa = PBXFileReference; lastKnownFileType = wrapper.framework; name = MediaPlayer.framework; path = System/Library/Frameworks/MediaPlayer.framework; sourceTree = SDKROOT; };
		ED1D0BD11672AD53009BE8FA /* _kiss_fft_guts.h */ = {isa = PBXFileReference; fileEncoding = 4; lastKnownFileType = sourcecode.c.h; path = _kiss_fft_guts.h; sourceTree = "<group>"; };
		ED1D0BD21672AD53009BE8FA /* kiss_fft.c */ = {isa = PBXFileReference; fileEncoding = 4; lastKnownFileType = sourcecode.c.c; path = kiss_fft.c; sourceTree = "<group>"; };
		ED1D0BD31672AD53009BE8FA /* kiss_fft.h */ = {isa = PBXFileReference; fileEncoding = 4; lastKnownFileType = sourcecode.c.h; path = kiss_fft.h; sourceTree = "<group>"; };
		ED1D0BD41672AD53009BE8FA /* kiss_fftr.c */ = {isa = PBXFileReference; fileEncoding = 4; lastKnownFileType = sourcecode.c.c; path = kiss_fftr.c; sourceTree = "<group>"; };
		ED1D0BD51672AD53009BE8FA /* kiss_fftr.h */ = {isa = PBXFileReference; fileEncoding = 4; lastKnownFileType = sourcecode.c.h; path = kiss_fftr.h; sourceTree = "<group>"; };
		ED1D0BD61672AD53009BE8FA /* KissFFT.cpp */ = {isa = PBXFileReference; fileEncoding = 4; lastKnownFileType = sourcecode.cpp.cpp; path = KissFFT.cpp; sourceTree = "<group>"; };
		ED1D0BD71672AD53009BE8FA /* KissFFT.h */ = {isa = PBXFileReference; fileEncoding = 4; lastKnownFileType = sourcecode.c.h; path = KissFFT.h; sourceTree = "<group>"; };
		ED1D0BE01672B392009BE8FA /* lgo_let_us_pray.mp3 */ = {isa = PBXFileReference; lastKnownFileType = audio.mp3; name = lgo_let_us_pray.mp3; path = Resources/DevAssets/lgo_let_us_pray.mp3; sourceTree = "<group>"; };
		ED3686FA166FD3700019F726 /* circle-0.png */ = {isa = PBXFileReference; lastKnownFileType = image.png; name = "circle-0.png"; path = "../../../resources/circle-0.png"; sourceTree = "<group>"; };
		ED3686FB166FD3700019F726 /* circle-1.png */ = {isa = PBXFileReference; lastKnownFileType = image.png; name = "circle-1.png"; path = "../../../resources/circle-1.png"; sourceTree = "<group>"; };
		ED3686FC166FD3700019F726 /* circle-2.png */ = {isa = PBXFileReference; lastKnownFileType = image.png; name = "circle-2.png"; path = "../../../resources/circle-2.png"; sourceTree = "<group>"; };
		ED3686FD166FD3700019F726 /* circle-3.png */ = {isa = PBXFileReference; lastKnownFileType = image.png; name = "circle-3.png"; path = "../../../resources/circle-3.png"; sourceTree = "<group>"; };
		ED3686FE166FD3700019F726 /* circle-4.png */ = {isa = PBXFileReference; lastKnownFileType = image.png; name = "circle-4.png"; path = "../../../resources/circle-4.png"; sourceTree = "<group>"; };
		ED3686FF166FD3700019F726 /* circle-5.png */ = {isa = PBXFileReference; lastKnownFileType = image.png; name = "circle-5.png"; path = "../../../resources/circle-5.png"; sourceTree = "<group>"; };
		ED368700166FD3700019F726 /* circle-6.png */ = {isa = PBXFileReference; lastKnownFileType = image.png; name = "circle-6.png"; path = "../../../resources/circle-6.png"; sourceTree = "<group>"; };
		ED368701166FD3700019F726 /* circle-7.png */ = {isa = PBXFileReference; lastKnownFileType = image.png; name = "circle-7.png"; path = "../../../resources/circle-7.png"; sourceTree = "<group>"; };
		ED368702166FD3700019F726 /* circle-8.png */ = {isa = PBXFileReference; lastKnownFileType = image.png; name = "circle-8.png"; path = "../../../resources/circle-8.png"; sourceTree = "<group>"; };
		ED368703166FD3700019F726 /* circle-9.png */ = {isa = PBXFileReference; lastKnownFileType = image.png; name = "circle-9.png"; path = "../../../resources/circle-9.png"; sourceTree = "<group>"; };
		ED368704166FD3700019F726 /* circle-10.png */ = {isa = PBXFileReference; lastKnownFileType = image.png; name = "circle-10.png"; path = "../../../resources/circle-10.png"; sourceTree = "<group>"; };
		ED368705166FD3700019F726 /* circle-11.png */ = {isa = PBXFileReference; lastKnownFileType = image.png; name = "circle-11.png"; path = "../../../resources/circle-11.png"; sourceTree = "<group>"; };
		ED368706166FD3700019F726 /* circle-12.png */ = {isa = PBXFileReference; lastKnownFileType = image.png; name = "circle-12.png"; path = "../../../resources/circle-12.png"; sourceTree = "<group>"; };
		ED368707166FD3700019F726 /* godofthieves.png */ = {isa = PBXFileReference; lastKnownFileType = image.png; name = godofthieves.png; path = ../../../resources/godofthieves.png; sourceTree = "<group>"; };
		ED368708166FD3700019F726 /* gromacirclepink.png */ = {isa = PBXFileReference; lastKnownFileType = image.png; name = gromacirclepink.png; path = ../../../resources/gromacirclepink.png; sourceTree = "<group>"; };
		ED368709166FD3700019F726 /* heads_1.png */ = {isa = PBXFileReference; lastKnownFileType = image.png; name = heads_1.png; path = ../../../resources/heads_1.png; sourceTree = "<group>"; };
		ED36870A166FD3700019F726 /* heads_2.png */ = {isa = PBXFileReference; lastKnownFileType = image.png; name = heads_2.png; path = ../../../resources/heads_2.png; sourceTree = "<group>"; };
		ED36870B166FD3700019F726 /* heads_3.png */ = {isa = PBXFileReference; lastKnownFileType = image.png; name = heads_3.png; path = ../../../resources/heads_3.png; sourceTree = "<group>"; };
		ED368728167011190019F726 /* AppInfo.cpp */ = {isa = PBXFileReference; fileEncoding = 4; lastKnownFileType = sourcecode.cpp.cpp; name = AppInfo.cpp; path = Classes/AppInfo.cpp; sourceTree = "<group>"; };
		ED3687291670111A0019F726 /* AppInfo.h */ = {isa = PBXFileReference; fileEncoding = 4; lastKnownFileType = sourcecode.c.h; name = AppInfo.h; path = Classes/AppInfo.h; sourceTree = "<group>"; };
		EDC55C49166E702400765AED /* NerusphereSE.app */ = {isa = PBXFileReference; explicitFileType = wrapper.application; includeInIndex = 0; path = NerusphereSE.app; sourceTree = BUILT_PRODUCTS_DIR; };
		EDC55C4D166E702400765AED /* UIKit.framework */ = {isa = PBXFileReference; lastKnownFileType = wrapper.framework; name = UIKit.framework; path = System/Library/Frameworks/UIKit.framework; sourceTree = SDKROOT; };
		EDC55C4F166E702400765AED /* Foundation.framework */ = {isa = PBXFileReference; lastKnownFileType = wrapper.framework; name = Foundation.framework; path = System/Library/Frameworks/Foundation.framework; sourceTree = SDKROOT; };
		EDC55C51166E702400765AED /* CoreGraphics.framework */ = {isa = PBXFileReference; lastKnownFileType = wrapper.framework; name = CoreGraphics.framework; path = System/Library/Frameworks/CoreGraphics.framework; sourceTree = SDKROOT; };
		EDC55C55166E702400765AED /* NerusphereSE-Info.plist */ = {isa = PBXFileReference; lastKnownFileType = text.plist.xml; path = "NerusphereSE-Info.plist"; sourceTree = "<group>"; };
		EDC55C57166E702400765AED /* en */ = {isa = PBXFileReference; lastKnownFileType = text.plist.strings; name = en; path = en.lproj/InfoPlist.strings; sourceTree = "<group>"; };
		EDC55C5B166E702400765AED /* NerusphereSE-Prefix.pch */ = {isa = PBXFileReference; lastKnownFileType = sourcecode.c.h; path = "NerusphereSE-Prefix.pch"; sourceTree = "<group>"; };
		EDC55C5C166E702400765AED /* NPAppDelegate.h */ = {isa = PBXFileReference; lastKnownFileType = sourcecode.c.h; name = NPAppDelegate.h; path = NerusphereSE/Classes/NPAppDelegate.h; sourceTree = "<group>"; };
		EDC55C5D166E702400765AED /* NPAppDelegate.mm */ = {isa = PBXFileReference; lastKnownFileType = sourcecode.cpp.objcpp; name = NPAppDelegate.mm; path = NerusphereSE/Classes/NPAppDelegate.mm; sourceTree = "<group>"; };
		EDC55C5F166E702400765AED /* Default.png */ = {isa = PBXFileReference; lastKnownFileType = image.png; path = Default.png; sourceTree = "<group>"; };
		EDC55C61166E702400765AED /* Default@2x.png */ = {isa = PBXFileReference; lastKnownFileType = image.png; path = "Default@2x.png"; sourceTree = "<group>"; };
		EDC55C63166E702400765AED /* Default-568h@2x.png */ = {isa = PBXFileReference; lastKnownFileType = image.png; path = "Default-568h@2x.png"; sourceTree = "<group>"; };
		EDC55C66166E702400765AED /* en */ = {isa = PBXFileReference; lastKnownFileType = file.storyboard; name = en; path = en.lproj/MainStoryboard_iPhone.storyboard; sourceTree = "<group>"; };
		EDC55C69166E702400765AED /* en */ = {isa = PBXFileReference; lastKnownFileType = file.storyboard; name = en; path = en.lproj/MainStoryboard_iPad.storyboard; sourceTree = "<group>"; };
		EDC55C6B166E702400765AED /* NPVisualizerViewController.h */ = {isa = PBXFileReference; lastKnownFileType = sourcecode.c.h; name = NPVisualizerViewController.h; path = NerusphereSE/Classes/NPVisualizerViewController.h; sourceTree = "<group>"; };
		EDC55C6C166E702400765AED /* NPVisualizerViewController.mm */ = {isa = PBXFileReference; lastKnownFileType = sourcecode.cpp.objcpp; name = NPVisualizerViewController.mm; path = NerusphereSE/Classes/NPVisualizerViewController.mm; sourceTree = "<group>"; };
		EDC55C73166E702400765AED /* NerusphereSETests.octest */ = {isa = PBXFileReference; explicitFileType = wrapper.cfbundle; includeInIndex = 0; path = NerusphereSETests.octest; sourceTree = BUILT_PRODUCTS_DIR; };
		EDC55C74166E702400765AED /* SenTestingKit.framework */ = {isa = PBXFileReference; lastKnownFileType = wrapper.framework; name = SenTestingKit.framework; path = Library/Frameworks/SenTestingKit.framework; sourceTree = DEVELOPER_DIR; };
		EDC55C7C166E702400765AED /* NerusphereSETests-Info.plist */ = {isa = PBXFileReference; lastKnownFileType = text.plist.xml; path = "NerusphereSETests-Info.plist"; sourceTree = "<group>"; };
		EDC55C7E166E702400765AED /* en */ = {isa = PBXFileReference; lastKnownFileType = text.plist.strings; name = en; path = en.lproj/InfoPlist.strings; sourceTree = "<group>"; };
		EDC55C80166E702400765AED /* NerusphereSETests.h */ = {isa = PBXFileReference; lastKnownFileType = sourcecode.c.h; path = NerusphereSETests.h; sourceTree = "<group>"; };
		EDC55C81166E702400765AED /* NerusphereSETests.m */ = {isa = PBXFileReference; lastKnownFileType = sourcecode.c.objc; path = NerusphereSETests.m; sourceTree = "<group>"; };
		EDC55C8D166E708C00765AED /* main.m */ = {isa = PBXFileReference; fileEncoding = 4; lastKnownFileType = sourcecode.c.objc; name = main.m; path = Classes/main.m; sourceTree = "<group>"; };
		EDC55C94166E711400765AED /* CCGLTouchAppDelegate.h */ = {isa = PBXFileReference; fileEncoding = 4; lastKnownFileType = sourcecode.c.h; path = CCGLTouchAppDelegate.h; sourceTree = "<group>"; };
		EDC55C95166E711400765AED /* CCGLTouchAppDelegate.mm */ = {isa = PBXFileReference; fileEncoding = 4; lastKnownFileType = sourcecode.cpp.objcpp; path = CCGLTouchAppDelegate.mm; sourceTree = "<group>"; };
		EDC55C96166E711400765AED /* CCGLTouchView.h */ = {isa = PBXFileReference; fileEncoding = 4; lastKnownFileType = sourcecode.c.h; path = CCGLTouchView.h; sourceTree = "<group>"; };
		EDC55C97166E711400765AED /* CCGLTouchView.mm */ = {isa = PBXFileReference; fileEncoding = 4; lastKnownFileType = sourcecode.cpp.objcpp; path = CCGLTouchView.mm; sourceTree = "<group>"; };
		EDC55C98166E711400765AED /* CCGLTouchViewController.h */ = {isa = PBXFileReference; fileEncoding = 4; lastKnownFileType = sourcecode.c.h; path = CCGLTouchViewController.h; sourceTree = "<group>"; };
		EDC55C99166E711400765AED /* CCGLTouchViewController.mm */ = {isa = PBXFileReference; fileEncoding = 4; lastKnownFileType = sourcecode.cpp.objcpp; path = CCGLTouchViewController.mm; sourceTree = "<group>"; };
		EDC55CA1166E731200765AED /* AudioToolbox.framework */ = {isa = PBXFileReference; lastKnownFileType = wrapper.framework; name = AudioToolbox.framework; path = System/Library/Frameworks/AudioToolbox.framework; sourceTree = SDKROOT; };
		EDC55CA2166E731200765AED /* AVFoundation.framework */ = {isa = PBXFileReference; lastKnownFileType = wrapper.framework; name = AVFoundation.framework; path = System/Library/Frameworks/AVFoundation.framework; sourceTree = SDKROOT; };
		EDC55CA3166E731200765AED /* CoreMedia.framework */ = {isa = PBXFileReference; lastKnownFileType = wrapper.framework; name = CoreMedia.framework; path = System/Library/Frameworks/CoreMedia.framework; sourceTree = SDKROOT; };
		EDC55CA4166E731200765AED /* CoreText.framework */ = {isa = PBXFileReference; lastKnownFileType = wrapper.framework; name = CoreText.framework; path = System/Library/Frameworks/CoreText.framework; sourceTree = SDKROOT; };
		EDC55CA5166E731200765AED /* OpenGLES.framework */ = {isa = PBXFileReference; lastKnownFileType = wrapper.framework; name = OpenGLES.framework; path = System/Library/Frameworks/OpenGLES.framework; sourceTree = SDKROOT; };
		EDC55CA6166E731200765AED /* QuartzCore.framework */ = {isa = PBXFileReference; lastKnownFileType = wrapper.framework; name = QuartzCore.framework; path = System/Library/Frameworks/QuartzCore.framework; sourceTree = SDKROOT; };
		EDC55CB4166E735600765AED /* CoreAudio.framework */ = {isa = PBXFileReference; lastKnownFileType = wrapper.framework; name = CoreAudio.framework; path = System/Library/Frameworks/CoreAudio.framework; sourceTree = SDKROOT; };
		EDC55CB7166E737100765AED /* CoreVideo.framework */ = {isa = PBXFileReference; lastKnownFileType = wrapper.framework; name = CoreVideo.framework; path = System/Library/Frameworks/CoreVideo.framework; sourceTree = SDKROOT; };
		EDC55CC4166E816400765AED /* NPRootViewController.h */ = {isa = PBXFileReference; fileEncoding = 4; lastKnownFileType = sourcecode.c.h; name = NPRootViewController.h; path = NerusphereSE/Classes/NPRootViewController.h; sourceTree = "<group>"; };
		EDC55CC5166E816400765AED /* NPRootViewController.mm */ = {isa = PBXFileReference; fileEncoding = 4; lastKnownFileType = sourcecode.cpp.objcpp; name = NPRootViewController.mm; path = NerusphereSE/Classes/NPRootViewController.mm; sourceTree = "<group>"; };
		EDC55D2C166E82D600765AED /* Box2D.h */ = {isa = PBXFileReference; fileEncoding = 4; lastKnownFileType = sourcecode.c.h; name = Box2D.h; path = ../../../thirdparty/Box2D/Box2D.h; sourceTree = "<group>"; };
		EDC55D2E166E82D700765AED /* b2BroadPhase.cpp */ = {isa = PBXFileReference; fileEncoding = 4; lastKnownFileType = sourcecode.cpp.cpp; path = b2BroadPhase.cpp; sourceTree = "<group>"; };
		EDC55D2F166E82D700765AED /* b2BroadPhase.h */ = {isa = PBXFileReference; fileEncoding = 4; lastKnownFileType = sourcecode.c.h; path = b2BroadPhase.h; sourceTree = "<group>"; };
		EDC55D30166E82D700765AED /* b2CollideCircle.cpp */ = {isa = PBXFileReference; fileEncoding = 4; lastKnownFileType = sourcecode.cpp.cpp; path = b2CollideCircle.cpp; sourceTree = "<group>"; };
		EDC55D31166E82D700765AED /* b2CollideEdge.cpp */ = {isa = PBXFileReference; fileEncoding = 4; lastKnownFileType = sourcecode.cpp.cpp; path = b2CollideEdge.cpp; sourceTree = "<group>"; };
		EDC55D32166E82D700765AED /* b2CollidePolygon.cpp */ = {isa = PBXFileReference; fileEncoding = 4; lastKnownFileType = sourcecode.cpp.cpp; path = b2CollidePolygon.cpp; sourceTree = "<group>"; };
		EDC55D33166E82D700765AED /* b2Collision.cpp */ = {isa = PBXFileReference; fileEncoding = 4; lastKnownFileType = sourcecode.cpp.cpp; path = b2Collision.cpp; sourceTree = "<group>"; };
		EDC55D34166E82D700765AED /* b2Collision.h */ = {isa = PBXFileReference; fileEncoding = 4; lastKnownFileType = sourcecode.c.h; path = b2Collision.h; sourceTree = "<group>"; };
		EDC55D35166E82D700765AED /* b2Distance.cpp */ = {isa = PBXFileReference; fileEncoding = 4; lastKnownFileType = sourcecode.cpp.cpp; path = b2Distance.cpp; sourceTree = "<group>"; };
		EDC55D36166E82D700765AED /* b2Distance.h */ = {isa = PBXFileReference; fileEncoding = 4; lastKnownFileType = sourcecode.c.h; path = b2Distance.h; sourceTree = "<group>"; };
		EDC55D37166E82D700765AED /* b2DynamicTree.cpp */ = {isa = PBXFileReference; fileEncoding = 4; lastKnownFileType = sourcecode.cpp.cpp; path = b2DynamicTree.cpp; sourceTree = "<group>"; };
		EDC55D38166E82D700765AED /* b2DynamicTree.h */ = {isa = PBXFileReference; fileEncoding = 4; lastKnownFileType = sourcecode.c.h; path = b2DynamicTree.h; sourceTree = "<group>"; };
		EDC55D39166E82D700765AED /* b2TimeOfImpact.cpp */ = {isa = PBXFileReference; fileEncoding = 4; lastKnownFileType = sourcecode.cpp.cpp; path = b2TimeOfImpact.cpp; sourceTree = "<group>"; };
		EDC55D3A166E82D700765AED /* b2TimeOfImpact.h */ = {isa = PBXFileReference; fileEncoding = 4; lastKnownFileType = sourcecode.c.h; path = b2TimeOfImpact.h; sourceTree = "<group>"; };
		EDC55D3C166E82D700765AED /* b2ChainShape.cpp */ = {isa = PBXFileReference; fileEncoding = 4; lastKnownFileType = sourcecode.cpp.cpp; path = b2ChainShape.cpp; sourceTree = "<group>"; };
		EDC55D3D166E82D700765AED /* b2ChainShape.h */ = {isa = PBXFileReference; fileEncoding = 4; lastKnownFileType = sourcecode.c.h; path = b2ChainShape.h; sourceTree = "<group>"; };
		EDC55D3E166E82D700765AED /* b2CircleShape.cpp */ = {isa = PBXFileReference; fileEncoding = 4; lastKnownFileType = sourcecode.cpp.cpp; path = b2CircleShape.cpp; sourceTree = "<group>"; };
		EDC55D3F166E82D700765AED /* b2CircleShape.h */ = {isa = PBXFileReference; fileEncoding = 4; lastKnownFileType = sourcecode.c.h; path = b2CircleShape.h; sourceTree = "<group>"; };
		EDC55D40166E82D700765AED /* b2EdgeShape.cpp */ = {isa = PBXFileReference; fileEncoding = 4; lastKnownFileType = sourcecode.cpp.cpp; path = b2EdgeShape.cpp; sourceTree = "<group>"; };
		EDC55D41166E82D700765AED /* b2EdgeShape.h */ = {isa = PBXFileReference; fileEncoding = 4; lastKnownFileType = sourcecode.c.h; path = b2EdgeShape.h; sourceTree = "<group>"; };
		EDC55D42166E82D700765AED /* b2PolygonShape.cpp */ = {isa = PBXFileReference; fileEncoding = 4; lastKnownFileType = sourcecode.cpp.cpp; path = b2PolygonShape.cpp; sourceTree = "<group>"; };
		EDC55D43166E82D700765AED /* b2PolygonShape.h */ = {isa = PBXFileReference; fileEncoding = 4; lastKnownFileType = sourcecode.c.h; path = b2PolygonShape.h; sourceTree = "<group>"; };
		EDC55D44166E82D700765AED /* b2Shape.h */ = {isa = PBXFileReference; fileEncoding = 4; lastKnownFileType = sourcecode.c.h; path = b2Shape.h; sourceTree = "<group>"; };
		EDC55D46166E82D700765AED /* b2BlockAllocator.cpp */ = {isa = PBXFileReference; fileEncoding = 4; lastKnownFileType = sourcecode.cpp.cpp; path = b2BlockAllocator.cpp; sourceTree = "<group>"; };
		EDC55D47166E82D700765AED /* b2BlockAllocator.h */ = {isa = PBXFileReference; fileEncoding = 4; lastKnownFileType = sourcecode.c.h; path = b2BlockAllocator.h; sourceTree = "<group>"; };
		EDC55D48166E82D700765AED /* b2Draw.cpp */ = {isa = PBXFileReference; fileEncoding = 4; lastKnownFileType = sourcecode.cpp.cpp; path = b2Draw.cpp; sourceTree = "<group>"; };
		EDC55D49166E82D700765AED /* b2Draw.h */ = {isa = PBXFileReference; fileEncoding = 4; lastKnownFileType = sourcecode.c.h; path = b2Draw.h; sourceTree = "<group>"; };
		EDC55D4A166E82D700765AED /* b2GrowableStack.h */ = {isa = PBXFileReference; fileEncoding = 4; lastKnownFileType = sourcecode.c.h; path = b2GrowableStack.h; sourceTree = "<group>"; };
		EDC55D4B166E82D700765AED /* b2Math.cpp */ = {isa = PBXFileReference; fileEncoding = 4; lastKnownFileType = sourcecode.cpp.cpp; path = b2Math.cpp; sourceTree = "<group>"; };
		EDC55D4C166E82D700765AED /* b2Math.h */ = {isa = PBXFileReference; fileEncoding = 4; lastKnownFileType = sourcecode.c.h; path = b2Math.h; sourceTree = "<group>"; };
		EDC55D4D166E82D700765AED /* b2Settings.cpp */ = {isa = PBXFileReference; fileEncoding = 4; lastKnownFileType = sourcecode.cpp.cpp; path = b2Settings.cpp; sourceTree = "<group>"; };
		EDC55D4E166E82D700765AED /* b2Settings.h */ = {isa = PBXFileReference; fileEncoding = 4; lastKnownFileType = sourcecode.c.h; path = b2Settings.h; sourceTree = "<group>"; };
		EDC55D4F166E82D700765AED /* b2StackAllocator.cpp */ = {isa = PBXFileReference; fileEncoding = 4; lastKnownFileType = sourcecode.cpp.cpp; path = b2StackAllocator.cpp; sourceTree = "<group>"; };
		EDC55D50166E82D700765AED /* b2StackAllocator.h */ = {isa = PBXFileReference; fileEncoding = 4; lastKnownFileType = sourcecode.c.h; path = b2StackAllocator.h; sourceTree = "<group>"; };
		EDC55D51166E82D700765AED /* b2Timer.cpp */ = {isa = PBXFileReference; fileEncoding = 4; lastKnownFileType = sourcecode.cpp.cpp; path = b2Timer.cpp; sourceTree = "<group>"; };
		EDC55D52166E82D700765AED /* b2Timer.h */ = {isa = PBXFileReference; fileEncoding = 4; lastKnownFileType = sourcecode.c.h; path = b2Timer.h; sourceTree = "<group>"; };
		EDC55D54166E82D700765AED /* b2Body.cpp */ = {isa = PBXFileReference; fileEncoding = 4; lastKnownFileType = sourcecode.cpp.cpp; path = b2Body.cpp; sourceTree = "<group>"; };
		EDC55D55166E82D700765AED /* b2Body.h */ = {isa = PBXFileReference; fileEncoding = 4; lastKnownFileType = sourcecode.c.h; path = b2Body.h; sourceTree = "<group>"; };
		EDC55D56166E82D700765AED /* b2ContactManager.cpp */ = {isa = PBXFileReference; fileEncoding = 4; lastKnownFileType = sourcecode.cpp.cpp; path = b2ContactManager.cpp; sourceTree = "<group>"; };
		EDC55D57166E82D700765AED /* b2ContactManager.h */ = {isa = PBXFileReference; fileEncoding = 4; lastKnownFileType = sourcecode.c.h; path = b2ContactManager.h; sourceTree = "<group>"; };
		EDC55D58166E82D700765AED /* b2Fixture.cpp */ = {isa = PBXFileReference; fileEncoding = 4; lastKnownFileType = sourcecode.cpp.cpp; path = b2Fixture.cpp; sourceTree = "<group>"; };
		EDC55D59166E82D700765AED /* b2Fixture.h */ = {isa = PBXFileReference; fileEncoding = 4; lastKnownFileType = sourcecode.c.h; path = b2Fixture.h; sourceTree = "<group>"; };
		EDC55D5A166E82D700765AED /* b2Island.cpp */ = {isa = PBXFileReference; fileEncoding = 4; lastKnownFileType = sourcecode.cpp.cpp; path = b2Island.cpp; sourceTree = "<group>"; };
		EDC55D5B166E82D700765AED /* b2Island.h */ = {isa = PBXFileReference; fileEncoding = 4; lastKnownFileType = sourcecode.c.h; path = b2Island.h; sourceTree = "<group>"; };
		EDC55D5C166E82D700765AED /* b2TimeStep.h */ = {isa = PBXFileReference; fileEncoding = 4; lastKnownFileType = sourcecode.c.h; path = b2TimeStep.h; sourceTree = "<group>"; };
		EDC55D5D166E82D700765AED /* b2World.cpp */ = {isa = PBXFileReference; fileEncoding = 4; lastKnownFileType = sourcecode.cpp.cpp; path = b2World.cpp; sourceTree = "<group>"; };
		EDC55D5E166E82D700765AED /* b2World.h */ = {isa = PBXFileReference; fileEncoding = 4; lastKnownFileType = sourcecode.c.h; path = b2World.h; sourceTree = "<group>"; };
		EDC55D5F166E82D700765AED /* b2WorldCallbacks.cpp */ = {isa = PBXFileReference; fileEncoding = 4; lastKnownFileType = sourcecode.cpp.cpp; path = b2WorldCallbacks.cpp; sourceTree = "<group>"; };
		EDC55D60166E82D700765AED /* b2WorldCallbacks.h */ = {isa = PBXFileReference; fileEncoding = 4; lastKnownFileType = sourcecode.c.h; path = b2WorldCallbacks.h; sourceTree = "<group>"; };
		EDC55D62166E82D700765AED /* b2ChainAndCircleContact.cpp */ = {isa = PBXFileReference; fileEncoding = 4; lastKnownFileType = sourcecode.cpp.cpp; path = b2ChainAndCircleContact.cpp; sourceTree = "<group>"; };
		EDC55D63166E82D700765AED /* b2ChainAndCircleContact.h */ = {isa = PBXFileReference; fileEncoding = 4; lastKnownFileType = sourcecode.c.h; path = b2ChainAndCircleContact.h; sourceTree = "<group>"; };
		EDC55D64166E82D700765AED /* b2ChainAndPolygonContact.cpp */ = {isa = PBXFileReference; fileEncoding = 4; lastKnownFileType = sourcecode.cpp.cpp; path = b2ChainAndPolygonContact.cpp; sourceTree = "<group>"; };
		EDC55D65166E82D700765AED /* b2ChainAndPolygonContact.h */ = {isa = PBXFileReference; fileEncoding = 4; lastKnownFileType = sourcecode.c.h; path = b2ChainAndPolygonContact.h; sourceTree = "<group>"; };
		EDC55D66166E82D700765AED /* b2CircleContact.cpp */ = {isa = PBXFileReference; fileEncoding = 4; lastKnownFileType = sourcecode.cpp.cpp; path = b2CircleContact.cpp; sourceTree = "<group>"; };
		EDC55D67166E82D700765AED /* b2CircleContact.h */ = {isa = PBXFileReference; fileEncoding = 4; lastKnownFileType = sourcecode.c.h; path = b2CircleContact.h; sourceTree = "<group>"; };
		EDC55D68166E82D700765AED /* b2Contact.cpp */ = {isa = PBXFileReference; fileEncoding = 4; lastKnownFileType = sourcecode.cpp.cpp; path = b2Contact.cpp; sourceTree = "<group>"; };
		EDC55D69166E82D700765AED /* b2Contact.h */ = {isa = PBXFileReference; fileEncoding = 4; lastKnownFileType = sourcecode.c.h; path = b2Contact.h; sourceTree = "<group>"; };
		EDC55D6A166E82D700765AED /* b2ContactSolver.cpp */ = {isa = PBXFileReference; fileEncoding = 4; lastKnownFileType = sourcecode.cpp.cpp; path = b2ContactSolver.cpp; sourceTree = "<group>"; };
		EDC55D6B166E82D700765AED /* b2ContactSolver.h */ = {isa = PBXFileReference; fileEncoding = 4; lastKnownFileType = sourcecode.c.h; path = b2ContactSolver.h; sourceTree = "<group>"; };
		EDC55D6C166E82D700765AED /* b2EdgeAndCircleContact.cpp */ = {isa = PBXFileReference; fileEncoding = 4; lastKnownFileType = sourcecode.cpp.cpp; path = b2EdgeAndCircleContact.cpp; sourceTree = "<group>"; };
		EDC55D6D166E82D700765AED /* b2EdgeAndCircleContact.h */ = {isa = PBXFileReference; fileEncoding = 4; lastKnownFileType = sourcecode.c.h; path = b2EdgeAndCircleContact.h; sourceTree = "<group>"; };
		EDC55D6E166E82D700765AED /* b2EdgeAndPolygonContact.cpp */ = {isa = PBXFileReference; fileEncoding = 4; lastKnownFileType = sourcecode.cpp.cpp; path = b2EdgeAndPolygonContact.cpp; sourceTree = "<group>"; };
		EDC55D6F166E82D700765AED /* b2EdgeAndPolygonContact.h */ = {isa = PBXFileReference; fileEncoding = 4; lastKnownFileType = sourcecode.c.h; path = b2EdgeAndPolygonContact.h; sourceTree = "<group>"; };
		EDC55D70166E82D700765AED /* b2PolygonAndCircleContact.cpp */ = {isa = PBXFileReference; fileEncoding = 4; lastKnownFileType = sourcecode.cpp.cpp; path = b2PolygonAndCircleContact.cpp; sourceTree = "<group>"; };
		EDC55D71166E82D700765AED /* b2PolygonAndCircleContact.h */ = {isa = PBXFileReference; fileEncoding = 4; lastKnownFileType = sourcecode.c.h; path = b2PolygonAndCircleContact.h; sourceTree = "<group>"; };
		EDC55D72166E82D700765AED /* b2PolygonContact.cpp */ = {isa = PBXFileReference; fileEncoding = 4; lastKnownFileType = sourcecode.cpp.cpp; path = b2PolygonContact.cpp; sourceTree = "<group>"; };
		EDC55D73166E82D700765AED /* b2PolygonContact.h */ = {isa = PBXFileReference; fileEncoding = 4; lastKnownFileType = sourcecode.c.h; path = b2PolygonContact.h; sourceTree = "<group>"; };
		EDC55D75166E82D700765AED /* b2DistanceJoint.cpp */ = {isa = PBXFileReference; fileEncoding = 4; lastKnownFileType = sourcecode.cpp.cpp; path = b2DistanceJoint.cpp; sourceTree = "<group>"; };
		EDC55D76166E82D700765AED /* b2DistanceJoint.h */ = {isa = PBXFileReference; fileEncoding = 4; lastKnownFileType = sourcecode.c.h; path = b2DistanceJoint.h; sourceTree = "<group>"; };
		EDC55D77166E82D700765AED /* b2FrictionJoint.cpp */ = {isa = PBXFileReference; fileEncoding = 4; lastKnownFileType = sourcecode.cpp.cpp; path = b2FrictionJoint.cpp; sourceTree = "<group>"; };
		EDC55D78166E82D700765AED /* b2FrictionJoint.h */ = {isa = PBXFileReference; fileEncoding = 4; lastKnownFileType = sourcecode.c.h; path = b2FrictionJoint.h; sourceTree = "<group>"; };
		EDC55D79166E82D700765AED /* b2GearJoint.cpp */ = {isa = PBXFileReference; fileEncoding = 4; lastKnownFileType = sourcecode.cpp.cpp; path = b2GearJoint.cpp; sourceTree = "<group>"; };
		EDC55D7A166E82D700765AED /* b2GearJoint.h */ = {isa = PBXFileReference; fileEncoding = 4; lastKnownFileType = sourcecode.c.h; path = b2GearJoint.h; sourceTree = "<group>"; };
		EDC55D7B166E82D700765AED /* b2Joint.cpp */ = {isa = PBXFileReference; fileEncoding = 4; lastKnownFileType = sourcecode.cpp.cpp; path = b2Joint.cpp; sourceTree = "<group>"; };
		EDC55D7C166E82D700765AED /* b2Joint.h */ = {isa = PBXFileReference; fileEncoding = 4; lastKnownFileType = sourcecode.c.h; path = b2Joint.h; sourceTree = "<group>"; };
		EDC55D7D166E82D700765AED /* b2MouseJoint.cpp */ = {isa = PBXFileReference; fileEncoding = 4; lastKnownFileType = sourcecode.cpp.cpp; path = b2MouseJoint.cpp; sourceTree = "<group>"; };
		EDC55D7E166E82D700765AED /* b2MouseJoint.h */ = {isa = PBXFileReference; fileEncoding = 4; lastKnownFileType = sourcecode.c.h; path = b2MouseJoint.h; sourceTree = "<group>"; };
		EDC55D7F166E82D700765AED /* b2PrismaticJoint.cpp */ = {isa = PBXFileReference; fileEncoding = 4; lastKnownFileType = sourcecode.cpp.cpp; path = b2PrismaticJoint.cpp; sourceTree = "<group>"; };
		EDC55D80166E82D700765AED /* b2PrismaticJoint.h */ = {isa = PBXFileReference; fileEncoding = 4; lastKnownFileType = sourcecode.c.h; path = b2PrismaticJoint.h; sourceTree = "<group>"; };
		EDC55D81166E82D700765AED /* b2PulleyJoint.cpp */ = {isa = PBXFileReference; fileEncoding = 4; lastKnownFileType = sourcecode.cpp.cpp; path = b2PulleyJoint.cpp; sourceTree = "<group>"; };
		EDC55D82166E82D700765AED /* b2PulleyJoint.h */ = {isa = PBXFileReference; fileEncoding = 4; lastKnownFileType = sourcecode.c.h; path = b2PulleyJoint.h; sourceTree = "<group>"; };
		EDC55D83166E82D700765AED /* b2RevoluteJoint.cpp */ = {isa = PBXFileReference; fileEncoding = 4; lastKnownFileType = sourcecode.cpp.cpp; path = b2RevoluteJoint.cpp; sourceTree = "<group>"; };
		EDC55D84166E82D700765AED /* b2RevoluteJoint.h */ = {isa = PBXFileReference; fileEncoding = 4; lastKnownFileType = sourcecode.c.h; path = b2RevoluteJoint.h; sourceTree = "<group>"; };
		EDC55D85166E82D700765AED /* b2RopeJoint.cpp */ = {isa = PBXFileReference; fileEncoding = 4; lastKnownFileType = sourcecode.cpp.cpp; path = b2RopeJoint.cpp; sourceTree = "<group>"; };
		EDC55D86166E82D700765AED /* b2RopeJoint.h */ = {isa = PBXFileReference; fileEncoding = 4; lastKnownFileType = sourcecode.c.h; path = b2RopeJoint.h; sourceTree = "<group>"; };
		EDC55D87166E82D700765AED /* b2WeldJoint.cpp */ = {isa = PBXFileReference; fileEncoding = 4; lastKnownFileType = sourcecode.cpp.cpp; path = b2WeldJoint.cpp; sourceTree = "<group>"; };
		EDC55D88166E82D700765AED /* b2WeldJoint.h */ = {isa = PBXFileReference; fileEncoding = 4; lastKnownFileType = sourcecode.c.h; path = b2WeldJoint.h; sourceTree = "<group>"; };
		EDC55D89166E82D700765AED /* b2WheelJoint.cpp */ = {isa = PBXFileReference; fileEncoding = 4; lastKnownFileType = sourcecode.cpp.cpp; path = b2WheelJoint.cpp; sourceTree = "<group>"; };
		EDC55D8A166E82D700765AED /* b2WheelJoint.h */ = {isa = PBXFileReference; fileEncoding = 4; lastKnownFileType = sourcecode.c.h; path = b2WheelJoint.h; sourceTree = "<group>"; };
		EDC55D8C166E82D700765AED /* b2Rope.cpp */ = {isa = PBXFileReference; fileEncoding = 4; lastKnownFileType = sourcecode.cpp.cpp; path = b2Rope.cpp; sourceTree = "<group>"; };
		EDC55D8D166E82D700765AED /* b2Rope.h */ = {isa = PBXFileReference; fileEncoding = 4; lastKnownFileType = sourcecode.c.h; path = b2Rope.h; sourceTree = "<group>"; };
		EDC55DEC166E86ED00765AED /* Conversions.h */ = {isa = PBXFileReference; fileEncoding = 4; lastKnownFileType = sourcecode.c.h; name = Conversions.h; path = ../../../include/Conversions.h; sourceTree = "<group>"; };
		EDC55DED166E86ED00765AED /* Constants.h */ = {isa = PBXFileReference; fileEncoding = 4; lastKnownFileType = sourcecode.c.h; name = Constants.h; path = ../../../include/Constants.h; sourceTree = "<group>"; };
		EDC55DEE166E86ED00765AED /* Constants.cpp */ = {isa = PBXFileReference; fileEncoding = 4; lastKnownFileType = sourcecode.cpp.cpp; name = Constants.cpp; path = ../../../src/Constants.cpp; sourceTree = "<group>"; };
		EDC55DF0166E86ED00765AED /* AudioAnalyzer.h */ = {isa = PBXFileReference; fileEncoding = 4; lastKnownFileType = sourcecode.c.h; name = AudioAnalyzer.h; path = ../../../src/AudioAnalyzer.h; sourceTree = "<group>"; };
		EDC55DF1166E86ED00765AED /* AudioAnalyzer.mm */ = {isa = PBXFileReference; fileEncoding = 4; lastKnownFileType = sourcecode.cpp.objcpp; name = AudioAnalyzer.mm; path = ../../../src/AudioAnalyzer.mm; sourceTree = "<group>"; };
		EDC55DF2166E86ED00765AED /* ParticleSystem.h */ = {isa = PBXFileReference; fileEncoding = 4; lastKnownFileType = sourcecode.c.h; name = ParticleSystem.h; path = ../../../src/ParticleSystem.h; sourceTree = "<group>"; };
		EDC55DF3166E86ED00765AED /* ParticleSystem.cpp */ = {isa = PBXFileReference; fileEncoding = 4; lastKnownFileType = sourcecode.cpp.cpp; name = ParticleSystem.cpp; path = ../../../src/ParticleSystem.cpp; sourceTree = "<group>"; };
		EDC55DF4166E86ED00765AED /* PhysicsObject.h */ = {isa = PBXFileReference; fileEncoding = 4; lastKnownFileType = sourcecode.c.h; name = PhysicsObject.h; path = ../../../src/PhysicsObject.h; sourceTree = "<group>"; };
		EDC55DF5166E86ED00765AED /* PhysicsObject.cpp */ = {isa = PBXFileReference; fileEncoding = 4; lastKnownFileType = sourcecode.cpp.cpp; name = PhysicsObject.cpp; path = ../../../src/PhysicsObject.cpp; sourceTree = "<group>"; };
		EDC55DF6166E86ED00765AED /* Planet.h */ = {isa = PBXFileReference; fileEncoding = 4; lastKnownFileType = sourcecode.c.h; name = Planet.h; path = ../../../src/Planet.h; sourceTree = "<group>"; };
		EDC55DF7166E86ED00765AED /* Planet.cpp */ = {isa = PBXFileReference; fileEncoding = 4; lastKnownFileType = sourcecode.cpp.cpp; name = Planet.cpp; path = ../../../src/Planet.cpp; sourceTree = "<group>"; };
		EDC55DF8166E86ED00765AED /* Textures.h */ = {isa = PBXFileReference; fileEncoding = 4; lastKnownFileType = sourcecode.c.h; name = Textures.h; path = ../../../src/Textures.h; sourceTree = "<group>"; };
		EDC55DF9166E86ED00765AED /* Textures.cpp */ = {isa = PBXFileReference; fileEncoding = 4; lastKnownFileType = sourcecode.cpp.cpp; name = Textures.cpp; path = ../../../src/Textures.cpp; sourceTree = "<group>"; };
		EDC55DFA166E86ED00765AED /* WorldController.h */ = {isa = PBXFileReference; fileEncoding = 4; lastKnownFileType = sourcecode.c.h; name = WorldController.h; path = ../../../src/WorldController.h; sourceTree = "<group>"; };
		EDC55DFB166E86ED00765AED /* WorldController.cpp */ = {isa = PBXFileReference; fileEncoding = 4; lastKnownFileType = sourcecode.cpp.cpp; name = WorldController.cpp; path = ../../../src/WorldController.cpp; sourceTree = "<group>"; };
		EDC55E0B166E8CE900765AED /* NPVisualizerView.h */ = {isa = PBXFileReference; fileEncoding = 4; lastKnownFileType = sourcecode.c.h; name = NPVisualizerView.h; path = Classes/NPVisualizerView.h; sourceTree = "<group>"; };
		EDC55E0C166E8CE900765AED /* NPVisualizerView.mm */ = {isa = PBXFileReference; fileEncoding = 4; lastKnownFileType = sourcecode.cpp.objcpp; name = NPVisualizerView.mm; path = Classes/NPVisualizerView.mm; sourceTree = "<group>"; };
/* End PBXFileReference section */

/* Begin PBXFrameworksBuildPhase section */
		EDC55C46166E702400765AED /* Frameworks */ = {
			isa = PBXFrameworksBuildPhase;
			buildActionMask = 2147483647;
			files = (
				ED1D0BBF16729BF2009BE8FA /* MediaPlayer.framework in Frameworks */,
				EDC55CAE166E732A00765AED /* AVFoundation.framework in Frameworks */,
				EDC55CAF166E732A00765AED /* CoreMedia.framework in Frameworks */,
				EDC55C50166E702400765AED /* Foundation.framework in Frameworks */,
				EDC55C4E166E702400765AED /* UIKit.framework in Frameworks */,
				EDC55CB1166E732A00765AED /* OpenGLES.framework in Frameworks */,
				EDC55CB2166E732A00765AED /* QuartzCore.framework in Frameworks */,
				EDC55C52166E702400765AED /* CoreGraphics.framework in Frameworks */,
				EDC55CB9166E737D00765AED /* CoreVideo.framework in Frameworks */,
				EDC55CB6166E736500765AED /* CoreAudio.framework in Frameworks */,
				EDC55CB0166E732A00765AED /* CoreText.framework in Frameworks */,
				EDC55CAD166E732A00765AED /* AudioToolbox.framework in Frameworks */,
			);
			runOnlyForDeploymentPostprocessing = 0;
		};
		EDC55C6F166E702400765AED /* Frameworks */ = {
			isa = PBXFrameworksBuildPhase;
			buildActionMask = 2147483647;
			files = (
				EDC55C75166E702400765AED /* SenTestingKit.framework in Frameworks */,
				EDC55C76166E702400765AED /* UIKit.framework in Frameworks */,
				EDC55C77166E702400765AED /* Foundation.framework in Frameworks */,
			);
			runOnlyForDeploymentPostprocessing = 0;
		};
/* End PBXFrameworksBuildPhase section */

/* Begin PBXGroup section */
		ED1D0B7516724CCB009BE8FA /* Icons */ = {
			isa = PBXGroup;
			children = (
				ED1D0B7716724CD4009BE8FA /* Icon-72.png */,
				ED1D0B7816724CD4009BE8FA /* Icon-Small-50.png */,
				ED1D0B7916724CD4009BE8FA /* Icon-Small.png */,
				ED1D0B7A16724CD4009BE8FA /* Icon-Small@2x.png */,
				ED1D0B7B16724CD4009BE8FA /* icon.png */,
				ED1D0B7C16724CD4009BE8FA /* Icon@2x.png */,
				ED1D0B7D16724CD4009BE8FA /* iTunesArtwork */,
			);
			name = Icons;
			sourceTree = "<group>";
		};
		ED1D0B8916727486009BE8FA /* Visualizer */ = {
			isa = PBXGroup;
			children = (
				ED3686FA166FD3700019F726 /* circle-0.png */,
				ED3686FB166FD3700019F726 /* circle-1.png */,
				ED3686FC166FD3700019F726 /* circle-2.png */,
				ED3686FD166FD3700019F726 /* circle-3.png */,
				ED3686FE166FD3700019F726 /* circle-4.png */,
				ED3686FF166FD3700019F726 /* circle-5.png */,
				ED368700166FD3700019F726 /* circle-6.png */,
				ED368701166FD3700019F726 /* circle-7.png */,
				ED368702166FD3700019F726 /* circle-8.png */,
				ED368703166FD3700019F726 /* circle-9.png */,
				ED368704166FD3700019F726 /* circle-10.png */,
				ED368705166FD3700019F726 /* circle-11.png */,
				ED368706166FD3700019F726 /* circle-12.png */,
				ED368707166FD3700019F726 /* godofthieves.png */,
				ED368708166FD3700019F726 /* gromacirclepink.png */,
				ED368709166FD3700019F726 /* heads_1.png */,
				ED36870A166FD3700019F726 /* heads_2.png */,
				ED36870B166FD3700019F726 /* heads_3.png */,
			);
			name = Visualizer;
			sourceTree = "<group>";
		};
		ED1D0B8A1672769D009BE8FA /* MPFoldTransition */ = {
			isa = PBXGroup;
			children = (
				ED1D0B8B1672769D009BE8FA /* MPAnimation.h */,
				ED1D0B8C1672769D009BE8FA /* MPAnimation.m */,
				ED1D0B8D1672769D009BE8FA /* MPFlipEnumerations.h */,
				ED1D0B8E1672769D009BE8FA /* MPFlipTransition.h */,
				ED1D0B8F1672769D009BE8FA /* MPFlipTransition.m */,
				ED1D0B901672769D009BE8FA /* MPFoldEnumerations.h */,
				ED1D0B911672769D009BE8FA /* MPFoldTransition.h */,
				ED1D0B921672769D009BE8FA /* MPFoldTransition.m */,
				ED1D0B931672769D009BE8FA /* MPTransition.h */,
				ED1D0B941672769D009BE8FA /* MPTransition.m */,
				ED1D0B951672769D009BE8FA /* MPTransitionEnumerations.h */,
				ED1D0B961672769D009BE8FA /* Segues */,
			);
			name = MPFoldTransition;
			path = Thirdparty/MPFoldTransition;
			sourceTree = "<group>";
		};
		ED1D0B961672769D009BE8FA /* Segues */ = {
			isa = PBXGroup;
			children = (
				ED1D0B971672769D009BE8FA /* MPFlipSegue.h */,
				ED1D0B981672769D009BE8FA /* MPFlipSegue.m */,
				ED1D0B991672769D009BE8FA /* MPFoldModalSegue.h */,
				ED1D0B9A1672769D009BE8FA /* MPFoldModalSegue.m */,
				ED1D0B9B1672769D009BE8FA /* MPFoldNavPopSegue.h */,
				ED1D0B9C1672769D009BE8FA /* MPFoldNavPopSegue.m */,
				ED1D0B9D1672769D009BE8FA /* MPFoldNavPushSegue.h */,
				ED1D0B9E1672769D009BE8FA /* MPFoldNavPushSegue.m */,
				ED1D0B9F1672769D009BE8FA /* MPFoldSegue.h */,
				ED1D0BA01672769D009BE8FA /* MPFoldSegue.m */,
			);
			path = Segues;
			sourceTree = "<group>";
		};
		ED1D0BB61672826B009BE8FA /* AudioPlayer */ = {
			isa = PBXGroup;
			children = (
				ED1D0BBA16728469009BE8FA /* NPAudioPlayerViewController.h */,
				ED1D0BBB16728469009BE8FA /* NPAudioPlayerViewController.m */,
			);
			name = AudioPlayer;
			path = NerusphereSE;
			sourceTree = "<group>";
		};
		ED1D0BCF1672AD53009BE8FA /* KissFFT */ = {
			isa = PBXGroup;
			children = (
				ED1D0BD01672AD53009BE8FA /* kiss */,
				ED1D0BD61672AD53009BE8FA /* KissFFT.cpp */,
				ED1D0BD71672AD53009BE8FA /* KissFFT.h */,
			);
			name = KissFFT;
			path = Thirdparty/KissFFT;
			sourceTree = "<group>";
		};
		ED1D0BD01672AD53009BE8FA /* kiss */ = {
			isa = PBXGroup;
			children = (
				ED1D0BD11672AD53009BE8FA /* _kiss_fft_guts.h */,
				ED1D0BD21672AD53009BE8FA /* kiss_fft.c */,
				ED1D0BD31672AD53009BE8FA /* kiss_fft.h */,
				ED1D0BD41672AD53009BE8FA /* kiss_fftr.c */,
				ED1D0BD51672AD53009BE8FA /* kiss_fftr.h */,
			);
			path = kiss;
			sourceTree = "<group>";
		};
		ED1D0BDF1672B375009BE8FA /* DevAssets */ = {
			isa = PBXGroup;
			children = (
				ED1D0BE01672B392009BE8FA /* lgo_let_us_pray.mp3 */,
			);
			name = DevAssets;
			sourceTree = "<group>";
		};
		ED3686F8166FD3520019F726 /* Resources */ = {
			isa = PBXGroup;
			children = (
				ED1D0BDF1672B375009BE8FA /* DevAssets */,
				ED1D0B8916727486009BE8FA /* Visualizer */,
				ED1D0B7516724CCB009BE8FA /* Icons */,
				EDC55C65166E702400765AED /* MainStoryboard_iPhone.storyboard */,
				EDC55C68166E702400765AED /* MainStoryboard_iPad.storyboard */,
			);
			name = Resources;
			path = NerusphereSE;
			sourceTree = "<group>";
		};
		EDC55C3E166E702400765AED = {
			isa = PBXGroup;
			children = (
				ED1D0BB61672826B009BE8FA /* AudioPlayer */,
				EDC55DEB166E86E100765AED /* Visualizer */,
				ED1D0BB216727D4C009BE8FA /* NPConstants.h */,
				ED1D0BB316727D4C009BE8FA /* NPConstants.m */,
				EDC55C5C166E702400765AED /* NPAppDelegate.h */,
				EDC55C5D166E702400765AED /* NPAppDelegate.mm */,
				EDC55CC4166E816400765AED /* NPRootViewController.h */,
				EDC55CC5166E816400765AED /* NPRootViewController.mm */,
				EDC55C6B166E702400765AED /* NPVisualizerViewController.h */,
				EDC55C6C166E702400765AED /* NPVisualizerViewController.mm */,
				EDC55C8B166E703000765AED /* Thirdparty */,
				EDC55C54166E702400765AED /* Supporting Files */,
				ED3686F8166FD3520019F726 /* Resources */,
				EDC55C7A166E702400765AED /* NerusphereSETests */,
				EDC55C4C166E702400765AED /* Frameworks */,
				EDC55C4A166E702400765AED /* Products */,
			);
			sourceTree = "<group>";
		};
		EDC55C4A166E702400765AED /* Products */ = {
			isa = PBXGroup;
			children = (
				EDC55C49166E702400765AED /* NerusphereSE.app */,
				EDC55C73166E702400765AED /* NerusphereSETests.octest */,
			);
			name = Products;
			sourceTree = "<group>";
		};
		EDC55C4C166E702400765AED /* Frameworks */ = {
			isa = PBXGroup;
			children = (
				ED1D0BBD16729BE7009BE8FA /* MediaPlayer.framework */,
				EDC55CB7166E737100765AED /* CoreVideo.framework */,
				EDC55CB4166E735600765AED /* CoreAudio.framework */,
				EDC55CA1166E731200765AED /* AudioToolbox.framework */,
				EDC55CA2166E731200765AED /* AVFoundation.framework */,
				EDC55CA3166E731200765AED /* CoreMedia.framework */,
				EDC55CA4166E731200765AED /* CoreText.framework */,
				EDC55CA5166E731200765AED /* OpenGLES.framework */,
				EDC55CA6166E731200765AED /* QuartzCore.framework */,
				EDC55C4D166E702400765AED /* UIKit.framework */,
				EDC55C4F166E702400765AED /* Foundation.framework */,
				EDC55C51166E702400765AED /* CoreGraphics.framework */,
				EDC55C74166E702400765AED /* SenTestingKit.framework */,
			);
			name = Frameworks;
			sourceTree = "<group>";
		};
		EDC55C54166E702400765AED /* Supporting Files */ = {
			isa = PBXGroup;
			children = (
				EDC55C55166E702400765AED /* NerusphereSE-Info.plist */,
				EDC55C56166E702400765AED /* InfoPlist.strings */,
				EDC55C8D166E708C00765AED /* main.m */,
				EDC55C5B166E702400765AED /* NerusphereSE-Prefix.pch */,
				EDC55C5F166E702400765AED /* Default.png */,
				EDC55C61166E702400765AED /* Default@2x.png */,
				EDC55C63166E702400765AED /* Default-568h@2x.png */,
			);
			name = "Supporting Files";
			path = NerusphereSE;
			sourceTree = "<group>";
		};
		EDC55C7A166E702400765AED /* NerusphereSETests */ = {
			isa = PBXGroup;
			children = (
				EDC55C80166E702400765AED /* NerusphereSETests.h */,
				EDC55C81166E702400765AED /* NerusphereSETests.m */,
				EDC55C7B166E702400765AED /* Supporting Files */,
			);
			path = NerusphereSETests;
			sourceTree = "<group>";
		};
		EDC55C7B166E702400765AED /* Supporting Files */ = {
			isa = PBXGroup;
			children = (
				EDC55C7C166E702400765AED /* NerusphereSETests-Info.plist */,
				EDC55C7D166E702400765AED /* InfoPlist.strings */,
			);
			name = "Supporting Files";
			sourceTree = "<group>";
		};
		EDC55C8B166E703000765AED /* Thirdparty */ = {
			isa = PBXGroup;
			children = (
				ED1D0BCF1672AD53009BE8FA /* KissFFT */,
				ED1D0B8A1672769D009BE8FA /* MPFoldTransition */,
				EDC55DEA166E86AA00765AED /* Box2D */,
				EDC55C93166E711400765AED /* CCGLTouch */,
			);
			name = Thirdparty;
			path = NerusphereSE;
			sourceTree = "<group>";
		};
		EDC55C93166E711400765AED /* CCGLTouch */ = {
			isa = PBXGroup;
			children = (
				EDC55C94166E711400765AED /* CCGLTouchAppDelegate.h */,
				EDC55C95166E711400765AED /* CCGLTouchAppDelegate.mm */,
				EDC55C96166E711400765AED /* CCGLTouchView.h */,
				EDC55C97166E711400765AED /* CCGLTouchView.mm */,
				EDC55C98166E711400765AED /* CCGLTouchViewController.h */,
				EDC55C99166E711400765AED /* CCGLTouchViewController.mm */,
			);
			name = CCGLTouch;
			path = Thirdparty/CCGLTouch;
			sourceTree = "<group>";
		};
		EDC55D2D166E82D700765AED /* Collision */ = {
			isa = PBXGroup;
			children = (
				EDC55D2E166E82D700765AED /* b2BroadPhase.cpp */,
				EDC55D2F166E82D700765AED /* b2BroadPhase.h */,
				EDC55D30166E82D700765AED /* b2CollideCircle.cpp */,
				EDC55D31166E82D700765AED /* b2CollideEdge.cpp */,
				EDC55D32166E82D700765AED /* b2CollidePolygon.cpp */,
				EDC55D33166E82D700765AED /* b2Collision.cpp */,
				EDC55D34166E82D700765AED /* b2Collision.h */,
				EDC55D35166E82D700765AED /* b2Distance.cpp */,
				EDC55D36166E82D700765AED /* b2Distance.h */,
				EDC55D37166E82D700765AED /* b2DynamicTree.cpp */,
				EDC55D38166E82D700765AED /* b2DynamicTree.h */,
				EDC55D39166E82D700765AED /* b2TimeOfImpact.cpp */,
				EDC55D3A166E82D700765AED /* b2TimeOfImpact.h */,
				EDC55D3B166E82D700765AED /* Shapes */,
			);
			name = Collision;
			path = ../../../thirdparty/Box2D/Collision;
			sourceTree = "<group>";
		};
		EDC55D3B166E82D700765AED /* Shapes */ = {
			isa = PBXGroup;
			children = (
				EDC55D3C166E82D700765AED /* b2ChainShape.cpp */,
				EDC55D3D166E82D700765AED /* b2ChainShape.h */,
				EDC55D3E166E82D700765AED /* b2CircleShape.cpp */,
				EDC55D3F166E82D700765AED /* b2CircleShape.h */,
				EDC55D40166E82D700765AED /* b2EdgeShape.cpp */,
				EDC55D41166E82D700765AED /* b2EdgeShape.h */,
				EDC55D42166E82D700765AED /* b2PolygonShape.cpp */,
				EDC55D43166E82D700765AED /* b2PolygonShape.h */,
				EDC55D44166E82D700765AED /* b2Shape.h */,
			);
			path = Shapes;
			sourceTree = "<group>";
		};
		EDC55D45166E82D700765AED /* Common */ = {
			isa = PBXGroup;
			children = (
				EDC55D46166E82D700765AED /* b2BlockAllocator.cpp */,
				EDC55D47166E82D700765AED /* b2BlockAllocator.h */,
				EDC55D48166E82D700765AED /* b2Draw.cpp */,
				EDC55D49166E82D700765AED /* b2Draw.h */,
				EDC55D4A166E82D700765AED /* b2GrowableStack.h */,
				EDC55D4B166E82D700765AED /* b2Math.cpp */,
				EDC55D4C166E82D700765AED /* b2Math.h */,
				EDC55D4D166E82D700765AED /* b2Settings.cpp */,
				EDC55D4E166E82D700765AED /* b2Settings.h */,
				EDC55D4F166E82D700765AED /* b2StackAllocator.cpp */,
				EDC55D50166E82D700765AED /* b2StackAllocator.h */,
				EDC55D51166E82D700765AED /* b2Timer.cpp */,
				EDC55D52166E82D700765AED /* b2Timer.h */,
			);
			name = Common;
			path = ../../../thirdparty/Box2D/Common;
			sourceTree = "<group>";
		};
		EDC55D53166E82D700765AED /* Dynamics */ = {
			isa = PBXGroup;
			children = (
				EDC55D54166E82D700765AED /* b2Body.cpp */,
				EDC55D55166E82D700765AED /* b2Body.h */,
				EDC55D56166E82D700765AED /* b2ContactManager.cpp */,
				EDC55D57166E82D700765AED /* b2ContactManager.h */,
				EDC55D58166E82D700765AED /* b2Fixture.cpp */,
				EDC55D59166E82D700765AED /* b2Fixture.h */,
				EDC55D5A166E82D700765AED /* b2Island.cpp */,
				EDC55D5B166E82D700765AED /* b2Island.h */,
				EDC55D5C166E82D700765AED /* b2TimeStep.h */,
				EDC55D5D166E82D700765AED /* b2World.cpp */,
				EDC55D5E166E82D700765AED /* b2World.h */,
				EDC55D5F166E82D700765AED /* b2WorldCallbacks.cpp */,
				EDC55D60166E82D700765AED /* b2WorldCallbacks.h */,
				EDC55D61166E82D700765AED /* Contacts */,
				EDC55D74166E82D700765AED /* Joints */,
			);
			name = Dynamics;
			path = ../../../thirdparty/Box2D/Dynamics;
			sourceTree = "<group>";
		};
		EDC55D61166E82D700765AED /* Contacts */ = {
			isa = PBXGroup;
			children = (
				EDC55D62166E82D700765AED /* b2ChainAndCircleContact.cpp */,
				EDC55D63166E82D700765AED /* b2ChainAndCircleContact.h */,
				EDC55D64166E82D700765AED /* b2ChainAndPolygonContact.cpp */,
				EDC55D65166E82D700765AED /* b2ChainAndPolygonContact.h */,
				EDC55D66166E82D700765AED /* b2CircleContact.cpp */,
				EDC55D67166E82D700765AED /* b2CircleContact.h */,
				EDC55D68166E82D700765AED /* b2Contact.cpp */,
				EDC55D69166E82D700765AED /* b2Contact.h */,
				EDC55D6A166E82D700765AED /* b2ContactSolver.cpp */,
				EDC55D6B166E82D700765AED /* b2ContactSolver.h */,
				EDC55D6C166E82D700765AED /* b2EdgeAndCircleContact.cpp */,
				EDC55D6D166E82D700765AED /* b2EdgeAndCircleContact.h */,
				EDC55D6E166E82D700765AED /* b2EdgeAndPolygonContact.cpp */,
				EDC55D6F166E82D700765AED /* b2EdgeAndPolygonContact.h */,
				EDC55D70166E82D700765AED /* b2PolygonAndCircleContact.cpp */,
				EDC55D71166E82D700765AED /* b2PolygonAndCircleContact.h */,
				EDC55D72166E82D700765AED /* b2PolygonContact.cpp */,
				EDC55D73166E82D700765AED /* b2PolygonContact.h */,
			);
			path = Contacts;
			sourceTree = "<group>";
		};
		EDC55D74166E82D700765AED /* Joints */ = {
			isa = PBXGroup;
			children = (
				EDC55D75166E82D700765AED /* b2DistanceJoint.cpp */,
				EDC55D76166E82D700765AED /* b2DistanceJoint.h */,
				EDC55D77166E82D700765AED /* b2FrictionJoint.cpp */,
				EDC55D78166E82D700765AED /* b2FrictionJoint.h */,
				EDC55D79166E82D700765AED /* b2GearJoint.cpp */,
				EDC55D7A166E82D700765AED /* b2GearJoint.h */,
				EDC55D7B166E82D700765AED /* b2Joint.cpp */,
				EDC55D7C166E82D700765AED /* b2Joint.h */,
				EDC55D7D166E82D700765AED /* b2MouseJoint.cpp */,
				EDC55D7E166E82D700765AED /* b2MouseJoint.h */,
				EDC55D7F166E82D700765AED /* b2PrismaticJoint.cpp */,
				EDC55D80166E82D700765AED /* b2PrismaticJoint.h */,
				EDC55D81166E82D700765AED /* b2PulleyJoint.cpp */,
				EDC55D82166E82D700765AED /* b2PulleyJoint.h */,
				EDC55D83166E82D700765AED /* b2RevoluteJoint.cpp */,
				EDC55D84166E82D700765AED /* b2RevoluteJoint.h */,
				EDC55D85166E82D700765AED /* b2RopeJoint.cpp */,
				EDC55D86166E82D700765AED /* b2RopeJoint.h */,
				EDC55D87166E82D700765AED /* b2WeldJoint.cpp */,
				EDC55D88166E82D700765AED /* b2WeldJoint.h */,
				EDC55D89166E82D700765AED /* b2WheelJoint.cpp */,
				EDC55D8A166E82D700765AED /* b2WheelJoint.h */,
			);
			path = Joints;
			sourceTree = "<group>";
		};
		EDC55D8B166E82D700765AED /* Rope */ = {
			isa = PBXGroup;
			children = (
				EDC55D8C166E82D700765AED /* b2Rope.cpp */,
				EDC55D8D166E82D700765AED /* b2Rope.h */,
			);
			name = Rope;
			path = ../../../thirdparty/Box2D/Rope;
			sourceTree = "<group>";
		};
		EDC55DEA166E86AA00765AED /* Box2D */ = {
			isa = PBXGroup;
			children = (
				EDC55D2C166E82D600765AED /* Box2D.h */,
				EDC55D2D166E82D700765AED /* Collision */,
				EDC55D45166E82D700765AED /* Common */,
				EDC55D53166E82D700765AED /* Dynamics */,
				EDC55D8B166E82D700765AED /* Rope */,
			);
			name = Box2D;
			sourceTree = "<group>";
		};
		EDC55DEB166E86E100765AED /* Visualizer */ = {
			isa = PBXGroup;
			children = (
				EDC55E0F166E951C00765AED /* model */,
				EDC55DF0166E86ED00765AED /* AudioAnalyzer.h */,
				EDC55DF1166E86ED00765AED /* AudioAnalyzer.mm */,
				EDC55DF2166E86ED00765AED /* ParticleSystem.h */,
				EDC55DF3166E86ED00765AED /* ParticleSystem.cpp */,
				EDC55DF4166E86ED00765AED /* PhysicsObject.h */,
				EDC55DF5166E86ED00765AED /* PhysicsObject.cpp */,
				EDC55DF6166E86ED00765AED /* Planet.h */,
				EDC55DF7166E86ED00765AED /* Planet.cpp */,
				EDC55DFA166E86ED00765AED /* WorldController.h */,
				EDC55DFB166E86ED00765AED /* WorldController.cpp */,
				EDC55E0B166E8CE900765AED /* NPVisualizerView.h */,
				EDC55E0C166E8CE900765AED /* NPVisualizerView.mm */,
			);
			name = Visualizer;
			path = NerusphereSE;
			sourceTree = "<group>";
		};
		EDC55E0F166E951C00765AED /* model */ = {
			isa = PBXGroup;
			children = (
				EDC55DEC166E86ED00765AED /* Conversions.h */,
				EDC55DED166E86ED00765AED /* Constants.h */,
				EDC55DEE166E86ED00765AED /* Constants.cpp */,
				EDC55DF8166E86ED00765AED /* Textures.h */,
				EDC55DF9166E86ED00765AED /* Textures.cpp */,
				ED368728167011190019F726 /* AppInfo.cpp */,
				ED3687291670111A0019F726 /* AppInfo.h */,
			);
			name = model;
			sourceTree = "<group>";
		};
/* End PBXGroup section */

/* Begin PBXNativeTarget section */
		EDC55C48166E702400765AED /* NerusphereSE */ = {
			isa = PBXNativeTarget;
			buildConfigurationList = EDC55C85166E702400765AED /* Build configuration list for PBXNativeTarget "NerusphereSE" */;
			buildPhases = (
				EDC55C45166E702400765AED /* Sources */,
				EDC55C46166E702400765AED /* Frameworks */,
				EDC55C47166E702400765AED /* Resources */,
			);
			buildRules = (
			);
			dependencies = (
			);
			name = NerusphereSE;
			productName = NerusphereSE;
			productReference = EDC55C49166E702400765AED /* NerusphereSE.app */;
			productType = "com.apple.product-type.application";
		};
		EDC55C72166E702400765AED /* NerusphereSETests */ = {
			isa = PBXNativeTarget;
			buildConfigurationList = EDC55C88166E702400765AED /* Build configuration list for PBXNativeTarget "NerusphereSETests" */;
			buildPhases = (
				EDC55C6E166E702400765AED /* Sources */,
				EDC55C6F166E702400765AED /* Frameworks */,
				EDC55C70166E702400765AED /* Resources */,
				EDC55C71166E702400765AED /* ShellScript */,
			);
			buildRules = (
			);
			dependencies = (
				EDC55C79166E702400765AED /* PBXTargetDependency */,
			);
			name = NerusphereSETests;
			productName = NerusphereSETests;
			productReference = EDC55C73166E702400765AED /* NerusphereSETests.octest */;
			productType = "com.apple.product-type.bundle";
		};
/* End PBXNativeTarget section */

/* Begin PBXProject section */
		EDC55C40166E702400765AED /* Project object */ = {
			isa = PBXProject;
			attributes = {
				CLASSPREFIX = NP;
				LastUpgradeCheck = 0450;
				ORGANIZATIONNAME = "Mario Gonzalez";
			};
			buildConfigurationList = EDC55C43166E702400765AED /* Build configuration list for PBXProject "NerusphereSE" */;
			compatibilityVersion = "Xcode 3.2";
			developmentRegion = English;
			hasScannedForEncodings = 0;
			knownRegions = (
				en,
			);
			mainGroup = EDC55C3E166E702400765AED;
			productRefGroup = EDC55C4A166E702400765AED /* Products */;
			projectDirPath = "";
			projectRoot = "";
			targets = (
				EDC55C48166E702400765AED /* NerusphereSE */,
				EDC55C72166E702400765AED /* NerusphereSETests */,
			);
		};
/* End PBXProject section */

/* Begin PBXResourcesBuildPhase section */
		EDC55C47166E702400765AED /* Resources */ = {
			isa = PBXResourcesBuildPhase;
			buildActionMask = 2147483647;
			files = (
				EDC55C58166E702400765AED /* InfoPlist.strings in Resources */,
				EDC55C60166E702400765AED /* Default.png in Resources */,
				EDC55C62166E702400765AED /* Default@2x.png in Resources */,
				EDC55C64166E702400765AED /* Default-568h@2x.png in Resources */,
				EDC55C67166E702400765AED /* MainStoryboard_iPhone.storyboard in Resources */,
				EDC55C6A166E702400765AED /* MainStoryboard_iPad.storyboard in Resources */,
				ED36870F166FD3700019F726 /* circle-0.png in Resources */,
				ED368710166FD3700019F726 /* circle-1.png in Resources */,
				ED368711166FD3700019F726 /* circle-2.png in Resources */,
				ED368712166FD3700019F726 /* circle-3.png in Resources */,
				ED368713166FD3700019F726 /* circle-4.png in Resources */,
				ED368714166FD3700019F726 /* circle-5.png in Resources */,
				ED368715166FD3700019F726 /* circle-6.png in Resources */,
				ED368716166FD3700019F726 /* circle-7.png in Resources */,
				ED368717166FD3700019F726 /* circle-8.png in Resources */,
				ED368718166FD3700019F726 /* circle-9.png in Resources */,
				ED368719166FD3700019F726 /* circle-10.png in Resources */,
				ED36871A166FD3700019F726 /* circle-11.png in Resources */,
				ED36871B166FD3700019F726 /* circle-12.png in Resources */,
				ED36871C166FD3700019F726 /* godofthieves.png in Resources */,
				ED36871D166FD3700019F726 /* gromacirclepink.png in Resources */,
				ED36871E166FD3700019F726 /* heads_1.png in Resources */,
				ED36871F166FD3700019F726 /* heads_2.png in Resources */,
				ED368720166FD3700019F726 /* heads_3.png in Resources */,
				ED1D0B7E16724CD4009BE8FA /* Icon-72.png in Resources */,
				ED1D0B7F16724CD4009BE8FA /* Icon-Small-50.png in Resources */,
				ED1D0B8016724CD4009BE8FA /* Icon-Small.png in Resources */,
				ED1D0B8116724CD4009BE8FA /* Icon-Small@2x.png in Resources */,
				ED1D0B8216724CD4009BE8FA /* icon.png in Resources */,
				ED1D0B8316724CD4009BE8FA /* Icon@2x.png in Resources */,
				ED1D0B8416724CD4009BE8FA /* iTunesArtwork in Resources */,
				ED1D0BE11672B392009BE8FA /* lgo_let_us_pray.mp3 in Resources */,
			);
			runOnlyForDeploymentPostprocessing = 0;
		};
		EDC55C70166E702400765AED /* Resources */ = {
			isa = PBXResourcesBuildPhase;
			buildActionMask = 2147483647;
			files = (
				EDC55C7F166E702400765AED /* InfoPlist.strings in Resources */,
			);
			runOnlyForDeploymentPostprocessing = 0;
		};
/* End PBXResourcesBuildPhase section */

/* Begin PBXShellScriptBuildPhase section */
		EDC55C71166E702400765AED /* ShellScript */ = {
			isa = PBXShellScriptBuildPhase;
			buildActionMask = 2147483647;
			files = (
			);
			inputPaths = (
			);
			outputPaths = (
			);
			runOnlyForDeploymentPostprocessing = 0;
			shellPath = /bin/sh;
			shellScript = "# Run the unit tests in this test bundle.\n\"${SYSTEM_DEVELOPER_DIR}/Tools/RunUnitTests\"\n";
		};
/* End PBXShellScriptBuildPhase section */

/* Begin PBXSourcesBuildPhase section */
		EDC55C45166E702400765AED /* Sources */ = {
			isa = PBXSourcesBuildPhase;
			buildActionMask = 2147483647;
			files = (
				EDC55C5E166E702400765AED /* NPAppDelegate.mm in Sources */,
				EDC55C6D166E702400765AED /* NPVisualizerViewController.mm in Sources */,
				EDC55C8E166E708C00765AED /* main.m in Sources */,
				EDC55C9A166E711400765AED /* CCGLTouchAppDelegate.mm in Sources */,
				EDC55C9B166E711400765AED /* CCGLTouchView.mm in Sources */,
				EDC55C9C166E711400765AED /* CCGLTouchViewController.mm in Sources */,
				EDC55CC6166E816400765AED /* NPRootViewController.mm in Sources */,
				EDC55DBD166E82D700765AED /* b2BroadPhase.cpp in Sources */,
				EDC55DBE166E82D700765AED /* b2CollideCircle.cpp in Sources */,
				EDC55DBF166E82D700765AED /* b2CollideEdge.cpp in Sources */,
				EDC55DC0166E82D700765AED /* b2CollidePolygon.cpp in Sources */,
				EDC55DC1166E82D700765AED /* b2Collision.cpp in Sources */,
				EDC55DC2166E82D700765AED /* b2Distance.cpp in Sources */,
				EDC55DC3166E82D700765AED /* b2DynamicTree.cpp in Sources */,
				EDC55DC4166E82D700765AED /* b2TimeOfImpact.cpp in Sources */,
				EDC55DC5166E82D700765AED /* b2ChainShape.cpp in Sources */,
				EDC55DC6166E82D700765AED /* b2CircleShape.cpp in Sources */,
				EDC55DC7166E82D700765AED /* b2EdgeShape.cpp in Sources */,
				EDC55DC8166E82D700765AED /* b2PolygonShape.cpp in Sources */,
				EDC55DC9166E82D700765AED /* b2BlockAllocator.cpp in Sources */,
				EDC55DCA166E82D700765AED /* b2Draw.cpp in Sources */,
				EDC55DCB166E82D700765AED /* b2Math.cpp in Sources */,
				EDC55DCC166E82D700765AED /* b2Settings.cpp in Sources */,
				EDC55DCD166E82D700765AED /* b2StackAllocator.cpp in Sources */,
				EDC55DCE166E82D700765AED /* b2Timer.cpp in Sources */,
				EDC55DCF166E82D700765AED /* b2Body.cpp in Sources */,
				EDC55DD0166E82D700765AED /* b2ContactManager.cpp in Sources */,
				EDC55DD1166E82D700765AED /* b2Fixture.cpp in Sources */,
				EDC55DD2166E82D700765AED /* b2Island.cpp in Sources */,
				EDC55DD3166E82D700765AED /* b2World.cpp in Sources */,
				EDC55DD4166E82D700765AED /* b2WorldCallbacks.cpp in Sources */,
				EDC55DD5166E82D700765AED /* b2ChainAndCircleContact.cpp in Sources */,
				EDC55DD6166E82D700765AED /* b2ChainAndPolygonContact.cpp in Sources */,
				EDC55DD7166E82D700765AED /* b2CircleContact.cpp in Sources */,
				EDC55DD8166E82D700765AED /* b2Contact.cpp in Sources */,
				EDC55DD9166E82D700765AED /* b2ContactSolver.cpp in Sources */,
				EDC55DDA166E82D700765AED /* b2EdgeAndCircleContact.cpp in Sources */,
				EDC55DDB166E82D700765AED /* b2EdgeAndPolygonContact.cpp in Sources */,
				EDC55DDC166E82D700765AED /* b2PolygonAndCircleContact.cpp in Sources */,
				EDC55DDD166E82D700765AED /* b2PolygonContact.cpp in Sources */,
				EDC55DDE166E82D700765AED /* b2DistanceJoint.cpp in Sources */,
				EDC55DDF166E82D700765AED /* b2FrictionJoint.cpp in Sources */,
				EDC55DE0166E82D700765AED /* b2GearJoint.cpp in Sources */,
				EDC55DE1166E82D700765AED /* b2Joint.cpp in Sources */,
				EDC55DE2166E82D700765AED /* b2MouseJoint.cpp in Sources */,
				EDC55DE3166E82D700765AED /* b2PrismaticJoint.cpp in Sources */,
				EDC55DE4166E82D700765AED /* b2PulleyJoint.cpp in Sources */,
				EDC55DE5166E82D700765AED /* b2RevoluteJoint.cpp in Sources */,
				EDC55DE6166E82D700765AED /* b2RopeJoint.cpp in Sources */,
				EDC55DE7166E82D700765AED /* b2WeldJoint.cpp in Sources */,
				EDC55DE8166E82D700765AED /* b2WheelJoint.cpp in Sources */,
				EDC55DE9166E82D700765AED /* b2Rope.cpp in Sources */,
				EDC55DFC166E86ED00765AED /* Constants.cpp in Sources */,
				EDC55DFD166E86ED00765AED /* AudioAnalyzer.mm in Sources */,
				EDC55DFE166E86ED00765AED /* ParticleSystem.cpp in Sources */,
				EDC55DFF166E86ED00765AED /* PhysicsObject.cpp in Sources */,
				EDC55E00166E86ED00765AED /* Planet.cpp in Sources */,
				EDC55E01166E86ED00765AED /* Textures.cpp in Sources */,
				EDC55E02166E86ED00765AED /* WorldController.cpp in Sources */,
				EDC55E0D166E8CE900765AED /* NPVisualizerView.mm in Sources */,
				ED36872A1670111A0019F726 /* AppInfo.cpp in Sources */,
				ED1D0BA11672769D009BE8FA /* MPAnimation.m in Sources */,
				ED1D0BA21672769D009BE8FA /* MPFlipTransition.m in Sources */,
				ED1D0BA31672769D009BE8FA /* MPFoldTransition.m in Sources */,
				ED1D0BA41672769D009BE8FA /* MPTransition.m in Sources */,
				ED1D0BA51672769D009BE8FA /* MPFlipSegue.m in Sources */,
				ED1D0BA61672769D009BE8FA /* MPFoldModalSegue.m in Sources */,
				ED1D0BA71672769D009BE8FA /* MPFoldNavPopSegue.m in Sources */,
				ED1D0BA81672769D009BE8FA /* MPFoldNavPushSegue.m in Sources */,
				ED1D0BA91672769D009BE8FA /* MPFoldSegue.m in Sources */,
				ED1D0BB416727D4C009BE8FA /* NPConstants.m in Sources */,
				ED1D0BBC16728469009BE8FA /* NPAudioPlayerViewController.m in Sources */,
				ED1D0BD81672AD53009BE8FA /* kiss_fft.c in Sources */,
				ED1D0BD91672AD53009BE8FA /* kiss_fftr.c in Sources */,
				ED1D0BDA1672AD53009BE8FA /* KissFFT.cpp in Sources */,
			);
			runOnlyForDeploymentPostprocessing = 0;
		};
		EDC55C6E166E702400765AED /* Sources */ = {
			isa = PBXSourcesBuildPhase;
			buildActionMask = 2147483647;
			files = (
				EDC55C82166E702400765AED /* NerusphereSETests.m in Sources */,
			);
			runOnlyForDeploymentPostprocessing = 0;
		};
/* End PBXSourcesBuildPhase section */

/* Begin PBXTargetDependency section */
		EDC55C79166E702400765AED /* PBXTargetDependency */ = {
			isa = PBXTargetDependency;
			target = EDC55C48166E702400765AED /* NerusphereSE */;
			targetProxy = EDC55C78166E702400765AED /* PBXContainerItemProxy */;
		};
/* End PBXTargetDependency section */

/* Begin PBXVariantGroup section */
		EDC55C56166E702400765AED /* InfoPlist.strings */ = {
			isa = PBXVariantGroup;
			children = (
				EDC55C57166E702400765AED /* en */,
			);
			name = InfoPlist.strings;
			sourceTree = "<group>";
		};
		EDC55C65166E702400765AED /* MainStoryboard_iPhone.storyboard */ = {
			isa = PBXVariantGroup;
			children = (
				EDC55C66166E702400765AED /* en */,
			);
			name = MainStoryboard_iPhone.storyboard;
			sourceTree = "<group>";
		};
		EDC55C68166E702400765AED /* MainStoryboard_iPad.storyboard */ = {
			isa = PBXVariantGroup;
			children = (
				EDC55C69166E702400765AED /* en */,
			);
			name = MainStoryboard_iPad.storyboard;
			sourceTree = "<group>";
		};
		EDC55C7D166E702400765AED /* InfoPlist.strings */ = {
			isa = PBXVariantGroup;
			children = (
				EDC55C7E166E702400765AED /* en */,
			);
			name = InfoPlist.strings;
			sourceTree = "<group>";
		};
/* End PBXVariantGroup section */

/* Begin XCBuildConfiguration section */
		EDC55C83166E702400765AED /* Debug */ = {
			isa = XCBuildConfiguration;
			buildSettings = {
				ALWAYS_SEARCH_USER_PATHS = NO;
				CLANG_CXX_LANGUAGE_STANDARD = "gnu++0x";
				CLANG_CXX_LIBRARY = "libc++";
				CLANG_ENABLE_OBJC_ARC = YES;
				CLANG_WARN_EMPTY_BODY = YES;
				CLANG_WARN__DUPLICATE_METHOD_MATCH = YES;
				"CODE_SIGN_IDENTITY[sdk=iphoneos*]" = "iPhone Developer";
				COPY_PHASE_STRIP = NO;
				GCC_C_LANGUAGE_STANDARD = gnu99;
				GCC_DYNAMIC_NO_PIC = NO;
				GCC_OPTIMIZATION_LEVEL = 0;
				GCC_PREPROCESSOR_DEFINITIONS = (
					"DEBUG=1",
					"$(inherited)",
				);
				GCC_SYMBOLS_PRIVATE_EXTERN = NO;
				GCC_WARN_ABOUT_RETURN_TYPE = YES;
				GCC_WARN_UNINITIALIZED_AUTOS = YES;
				GCC_WARN_UNUSED_VARIABLE = YES;
				IPHONEOS_DEPLOYMENT_TARGET = 6.0;
				SDKROOT = iphoneos;
				TARGETED_DEVICE_FAMILY = "1,2";
			};
			name = Debug;
		};
		EDC55C84166E702400765AED /* Release */ = {
			isa = XCBuildConfiguration;
			buildSettings = {
				ALWAYS_SEARCH_USER_PATHS = NO;
				CLANG_CXX_LANGUAGE_STANDARD = "gnu++0x";
				CLANG_CXX_LIBRARY = "libc++";
				CLANG_ENABLE_OBJC_ARC = YES;
				CLANG_WARN_EMPTY_BODY = YES;
				CLANG_WARN__DUPLICATE_METHOD_MATCH = YES;
				"CODE_SIGN_IDENTITY[sdk=iphoneos*]" = "iPhone Developer";
				COPY_PHASE_STRIP = YES;
				GCC_C_LANGUAGE_STANDARD = gnu99;
				GCC_WARN_ABOUT_RETURN_TYPE = YES;
				GCC_WARN_UNINITIALIZED_AUTOS = YES;
				GCC_WARN_UNUSED_VARIABLE = YES;
				IPHONEOS_DEPLOYMENT_TARGET = 6.0;
				OTHER_CFLAGS = "-DNS_BLOCK_ASSERTIONS=1";
				SDKROOT = iphoneos;
				TARGETED_DEVICE_FAMILY = "1,2";
				VALIDATE_PRODUCT = YES;
			};
			name = Release;
		};
		EDC55C86166E702400765AED /* Debug */ = {
			isa = XCBuildConfiguration;
			buildSettings = {
				ARCHS = armv7;
				CINDER_PATH = ../../../LIBRARY/Cinder;
				CLANG_CXX_LANGUAGE_STANDARD = "compiler-default";
				CLANG_CXX_LIBRARY = "compiler-default";
				FRAMEWORK_SEARCH_PATHS = (
					"$(inherited)",
					"\"$(SYSTEM_APPS_DIR)/Xcode.app/Contents/Developer/Library/Frameworks\"",
				);
				GCC_PRECOMPILE_PREFIX_HEADER = YES;
				GCC_PREFIX_HEADER = "NerusphereSE/NerusphereSE-Prefix.pch";
				GCC_VERSION = com.apple.compilers.llvm.clang.1_0;
				GCC_WARN_UNUSED_VARIABLE = NO;
				HEADER_SEARCH_PATHS = (
					"$(CINDER_PATH)/boost",
					"\"$(SRCROOT)/NerusphereSE/Thirdparty/FMod/inc\"",
					../../thirdparty,
				);
				INFOPLIST_FILE = "NerusphereSE/NerusphereSE-Info.plist";
				LIBRARY_SEARCH_PATHS = "\"$(SRCROOT)/NerusphereSE/Thirdparty/FMod/lib\"";
				OTHER_LDFLAGS = (
					"\"$(CINDER_PATH)/lib/libcinder-iphone_d.a\"",
					"-lz",
					"-lfmodexL_iphoneos",
				);
				"OTHER_LDFLAGS[sdk=iphoneos*]" = (
					"\"$(CINDER_PATH)/lib/libcinder-iphone_d.a\"",
					"-lz",
					"-lfmodexL_iphoneos",
				);
				"OTHER_LDFLAGS[sdk=iphonesimulator*]" = (
					"\"$(CINDER_PATH)/lib/libcinder-iphone-sim_d.a\"",
					"-lz",
					"-lfmodexL_iphoneos",
				);
				PREBINDING = NO;
				PRODUCT_NAME = "$(TARGET_NAME)";
				USER_HEADER_SEARCH_PATHS = "$(CINDER_PATH)/include";
				WARNING_LDFLAGS = "-v";
				WRAPPER_EXTENSION = app;
			};
			name = Debug;
		};
		EDC55C87166E702400765AED /* Release */ = {
			isa = XCBuildConfiguration;
			buildSettings = {
				ARCHS = armv7;
				CINDER_PATH = ../../../LIBRARY/Cinder;
				CLANG_CXX_LANGUAGE_STANDARD = "compiler-default";
				CLANG_CXX_LIBRARY = "compiler-default";
				FRAMEWORK_SEARCH_PATHS = (
					"$(inherited)",
					"\"$(SYSTEM_APPS_DIR)/Xcode.app/Contents/Developer/Library/Frameworks\"",
				);
				GCC_PRECOMPILE_PREFIX_HEADER = YES;
				GCC_PREFIX_HEADER = "NerusphereSE/NerusphereSE-Prefix.pch";
				GCC_VERSION = com.apple.compilers.llvm.clang.1_0;
				GCC_WARN_UNUSED_VARIABLE = NO;
				HEADER_SEARCH_PATHS = (
					"$(CINDER_PATH)/boost",
					"\"$(SRCROOT)/NerusphereSE/Thirdparty/FMod/inc\"",
					../../thirdparty,
				);
				INFOPLIST_FILE = "NerusphereSE/NerusphereSE-Info.plist";
				LIBRARY_SEARCH_PATHS = "\"$(SRCROOT)/NerusphereSE/Thirdparty/FMod/lib\"";
				OTHER_LDFLAGS = (
					"\"$(CINDER_PATH)/lib/libcinder-iphone_d.a\"",
					"-lz",
					"-lfmodex_iphoneos",
				);
				"OTHER_LDFLAGS[sdk=iphoneos*]" = (
					"\"$(CINDER_PATH)/lib/libcinder-iphone.a\"",
					"-lz",
					"-lfmodex_iphoneos",
				);
				"OTHER_LDFLAGS[sdk=iphonesimulator*]" = (
					"\"$(CINDER_PATH)/lib/libcinder-iphone-sim.a\"",
					"-lz",
					"-lfmodex_iphoneos",
				);
				PREBINDING = NO;
				PRODUCT_NAME = "$(TARGET_NAME)";
				USER_HEADER_SEARCH_PATHS = "$(CINDER_PATH)/include";
				WARNING_LDFLAGS = "-v";
				WRAPPER_EXTENSION = app;
			};
			name = Release;
		};
		EDC55C89166E702400765AED /* Debug */ = {
			isa = XCBuildConfiguration;
			buildSettings = {
				BUNDLE_LOADER = "$(BUILT_PRODUCTS_DIR)/NerusphereSE.app/NerusphereSE";
				FRAMEWORK_SEARCH_PATHS = (
					"\"$(SDKROOT)/Developer/Library/Frameworks\"",
					"\"$(DEVELOPER_LIBRARY_DIR)/Frameworks\"",
				);
				GCC_PRECOMPILE_PREFIX_HEADER = YES;
				GCC_PREFIX_HEADER = "NerusphereSE/NerusphereSE-Prefix.pch";
				INFOPLIST_FILE = "NerusphereSETests/NerusphereSETests-Info.plist";
				PRODUCT_NAME = "$(TARGET_NAME)";
				TEST_HOST = "$(BUNDLE_LOADER)";
				WRAPPER_EXTENSION = octest;
			};
			name = Debug;
		};
		EDC55C8A166E702400765AED /* Release */ = {
			isa = XCBuildConfiguration;
			buildSettings = {
				BUNDLE_LOADER = "$(BUILT_PRODUCTS_DIR)/NerusphereSE.app/NerusphereSE";
				FRAMEWORK_SEARCH_PATHS = (
					"\"$(SDKROOT)/Developer/Library/Frameworks\"",
					"\"$(DEVELOPER_LIBRARY_DIR)/Frameworks\"",
				);
				GCC_PRECOMPILE_PREFIX_HEADER = YES;
				GCC_PREFIX_HEADER = "NerusphereSE/NerusphereSE-Prefix.pch";
				INFOPLIST_FILE = "NerusphereSETests/NerusphereSETests-Info.plist";
				PRODUCT_NAME = "$(TARGET_NAME)";
				TEST_HOST = "$(BUNDLE_LOADER)";
				WRAPPER_EXTENSION = octest;
			};
			name = Release;
		};
/* End XCBuildConfiguration section */

/* Begin XCConfigurationList section */
		EDC55C43166E702400765AED /* Build configuration list for PBXProject "NerusphereSE" */ = {
			isa = XCConfigurationList;
			buildConfigurations = (
				EDC55C83166E702400765AED /* Debug */,
				EDC55C84166E702400765AED /* Release */,
			);
			defaultConfigurationIsVisible = 0;
			defaultConfigurationName = Release;
		};
		EDC55C85166E702400765AED /* Build configuration list for PBXNativeTarget "NerusphereSE" */ = {
			isa = XCConfigurationList;
			buildConfigurations = (
				EDC55C86166E702400765AED /* Debug */,
				EDC55C87166E702400765AED /* Release */,
			);
			defaultConfigurationIsVisible = 0;
			defaultConfigurationName = Release;
		};
		EDC55C88166E702400765AED /* Build configuration list for PBXNativeTarget "NerusphereSETests" */ = {
			isa = XCConfigurationList;
			buildConfigurations = (
				EDC55C89166E702400765AED /* Debug */,
				EDC55C8A166E702400765AED /* Release */,
			);
			defaultConfigurationIsVisible = 0;
			defaultConfigurationName = Release;
		};
/* End XCConfigurationList section */
	};
	rootObject = EDC55C40166E702400765AED /* Project object */;
}
