// !$*UTF8*$!
{
	archiveVersion = 1;
	classes = {
	};
	objectVersion = 46;
	objects = {

/* Begin PBXBuildFile section */
		EDC55C4E166E702400765AED /* UIKit.framework in Frameworks */ = {isa = PBXBuildFile; fileRef = EDC55C4D166E702400765AED /* UIKit.framework */; };
		EDC55C50166E702400765AED /* Foundation.framework in Frameworks */ = {isa = PBXBuildFile; fileRef = EDC55C4F166E702400765AED /* Foundation.framework */; };
		EDC55C52166E702400765AED /* CoreGraphics.framework in Frameworks */ = {isa = PBXBuildFile; fileRef = EDC55C51166E702400765AED /* CoreGraphics.framework */; };
		EDC55C58166E702400765AED /* InfoPlist.strings in Resources */ = {isa = PBXBuildFile; fileRef = EDC55C56166E702400765AED /* InfoPlist.strings */; };
		EDC55C5E166E702400765AED /* NPAppDelegate.mm in Sources */ = {isa = PBXBuildFile; fileRef = EDC55C5D166E702400765AED /* NPAppDelegate.mm */; };
		EDC55C60166E702400765AED /* Default.png in Resources */ = {isa = PBXBuildFile; fileRef = EDC55C5F166E702400765AED /* Default.png */; };
		EDC55C62166E702400765AED /* Default@2x.png in Resources */ = {isa = PBXBuildFile; fileRef = EDC55C61166E702400765AED /* Default@2x.png */; };
		EDC55C64166E702400765AED /* Default-568h@2x.png in Resources */ = {isa = PBXBuildFile; fileRef = EDC55C63166E702400765AED /* Default-568h@2x.png */; };
		EDC55C67166E702400765AED /* MainStoryboard_iPhone.storyboard in Resources */ = {isa = PBXBuildFile; fileRef = EDC55C65166E702400765AED /* MainStoryboard_iPhone.storyboard */; };
		EDC55C6A166E702400765AED /* MainStoryboard_iPad.storyboard in Resources */ = {isa = PBXBuildFile; fileRef = EDC55C68166E702400765AED /* MainStoryboard_iPad.storyboard */; };
		EDC55C6D166E702400765AED /* NPVisualizerViewController.m in Sources */ = {isa = PBXBuildFile; fileRef = EDC55C6C166E702400765AED /* NPVisualizerViewController.m */; };
		EDC55C75166E702400765AED /* SenTestingKit.framework in Frameworks */ = {isa = PBXBuildFile; fileRef = EDC55C74166E702400765AED /* SenTestingKit.framework */; };
		EDC55C76166E702400765AED /* UIKit.framework in Frameworks */ = {isa = PBXBuildFile; fileRef = EDC55C4D166E702400765AED /* UIKit.framework */; };
		EDC55C77166E702400765AED /* Foundation.framework in Frameworks */ = {isa = PBXBuildFile; fileRef = EDC55C4F166E702400765AED /* Foundation.framework */; };
		EDC55C7F166E702400765AED /* InfoPlist.strings in Resources */ = {isa = PBXBuildFile; fileRef = EDC55C7D166E702400765AED /* InfoPlist.strings */; };
		EDC55C82166E702400765AED /* NerusphereSETests.m in Sources */ = {isa = PBXBuildFile; fileRef = EDC55C81166E702400765AED /* NerusphereSETests.m */; };
		EDC55C8E166E708C00765AED /* main.m in Sources */ = {isa = PBXBuildFile; fileRef = EDC55C8D166E708C00765AED /* main.m */; };
		EDC55C9A166E711400765AED /* CCGLTouchAppDelegate.mm in Sources */ = {isa = PBXBuildFile; fileRef = EDC55C95166E711400765AED /* CCGLTouchAppDelegate.mm */; };
		EDC55C9B166E711400765AED /* CCGLTouchView.mm in Sources */ = {isa = PBXBuildFile; fileRef = EDC55C97166E711400765AED /* CCGLTouchView.mm */; };
		EDC55C9C166E711400765AED /* CCGLTouchViewController.mm in Sources */ = {isa = PBXBuildFile; fileRef = EDC55C99166E711400765AED /* CCGLTouchViewController.mm */; };
		EDC55CAD166E732A00765AED /* AudioToolbox.framework in Frameworks */ = {isa = PBXBuildFile; fileRef = EDC55CA1166E731200765AED /* AudioToolbox.framework */; };
		EDC55CAE166E732A00765AED /* AVFoundation.framework in Frameworks */ = {isa = PBXBuildFile; fileRef = EDC55CA2166E731200765AED /* AVFoundation.framework */; };
		EDC55CAF166E732A00765AED /* CoreMedia.framework in Frameworks */ = {isa = PBXBuildFile; fileRef = EDC55CA3166E731200765AED /* CoreMedia.framework */; };
		EDC55CB0166E732A00765AED /* CoreText.framework in Frameworks */ = {isa = PBXBuildFile; fileRef = EDC55CA4166E731200765AED /* CoreText.framework */; };
		EDC55CB1166E732A00765AED /* OpenGLES.framework in Frameworks */ = {isa = PBXBuildFile; fileRef = EDC55CA5166E731200765AED /* OpenGLES.framework */; };
		EDC55CB2166E732A00765AED /* QuartzCore.framework in Frameworks */ = {isa = PBXBuildFile; fileRef = EDC55CA6166E731200765AED /* QuartzCore.framework */; };
		EDC55CB6166E736500765AED /* CoreAudio.framework in Frameworks */ = {isa = PBXBuildFile; fileRef = EDC55CB4166E735600765AED /* CoreAudio.framework */; };
		EDC55CB9166E737D00765AED /* CoreVideo.framework in Frameworks */ = {isa = PBXBuildFile; fileRef = EDC55CB7166E737100765AED /* CoreVideo.framework */; };
/* End PBXBuildFile section */

/* Begin PBXContainerItemProxy section */
		EDC55C78166E702400765AED /* PBXContainerItemProxy */ = {
			isa = PBXContainerItemProxy;
			containerPortal = EDC55C40166E702400765AED /* Project object */;
			proxyType = 1;
			remoteGlobalIDString = EDC55C48166E702400765AED;
			remoteInfo = NerusphereSE;
		};
/* End PBXContainerItemProxy section */

/* Begin PBXFileReference section */
		EDC55C49166E702400765AED /* NerusphereSE.app */ = {isa = PBXFileReference; explicitFileType = wrapper.application; includeInIndex = 0; path = NerusphereSE.app; sourceTree = BUILT_PRODUCTS_DIR; };
		EDC55C4D166E702400765AED /* UIKit.framework */ = {isa = PBXFileReference; lastKnownFileType = wrapper.framework; name = UIKit.framework; path = System/Library/Frameworks/UIKit.framework; sourceTree = SDKROOT; };
		EDC55C4F166E702400765AED /* Foundation.framework */ = {isa = PBXFileReference; lastKnownFileType = wrapper.framework; name = Foundation.framework; path = System/Library/Frameworks/Foundation.framework; sourceTree = SDKROOT; };
		EDC55C51166E702400765AED /* CoreGraphics.framework */ = {isa = PBXFileReference; lastKnownFileType = wrapper.framework; name = CoreGraphics.framework; path = System/Library/Frameworks/CoreGraphics.framework; sourceTree = SDKROOT; };
		EDC55C55166E702400765AED /* NerusphereSE-Info.plist */ = {isa = PBXFileReference; lastKnownFileType = text.plist.xml; path = "NerusphereSE-Info.plist"; sourceTree = "<group>"; };
		EDC55C57166E702400765AED /* en */ = {isa = PBXFileReference; lastKnownFileType = text.plist.strings; name = en; path = en.lproj/InfoPlist.strings; sourceTree = "<group>"; };
		EDC55C5B166E702400765AED /* NerusphereSE-Prefix.pch */ = {isa = PBXFileReference; lastKnownFileType = sourcecode.c.h; path = "NerusphereSE-Prefix.pch"; sourceTree = "<group>"; };
		EDC55C5C166E702400765AED /* NPAppDelegate.h */ = {isa = PBXFileReference; lastKnownFileType = sourcecode.c.h; name = NPAppDelegate.h; path = Classes/NPAppDelegate.h; sourceTree = "<group>"; };
		EDC55C5D166E702400765AED /* NPAppDelegate.mm */ = {isa = PBXFileReference; lastKnownFileType = sourcecode.cpp.objcpp; name = NPAppDelegate.mm; path = Classes/NPAppDelegate.mm; sourceTree = "<group>"; };
		EDC55C5F166E702400765AED /* Default.png */ = {isa = PBXFileReference; lastKnownFileType = image.png; path = Default.png; sourceTree = "<group>"; };
		EDC55C61166E702400765AED /* Default@2x.png */ = {isa = PBXFileReference; lastKnownFileType = image.png; path = "Default@2x.png"; sourceTree = "<group>"; };
		EDC55C63166E702400765AED /* Default-568h@2x.png */ = {isa = PBXFileReference; lastKnownFileType = image.png; path = "Default-568h@2x.png"; sourceTree = "<group>"; };
		EDC55C66166E702400765AED /* en */ = {isa = PBXFileReference; lastKnownFileType = file.storyboard; name = en; path = en.lproj/MainStoryboard_iPhone.storyboard; sourceTree = "<group>"; };
		EDC55C69166E702400765AED /* en */ = {isa = PBXFileReference; lastKnownFileType = file.storyboard; name = en; path = en.lproj/MainStoryboard_iPad.storyboard; sourceTree = "<group>"; };
		EDC55C6B166E702400765AED /* NPVisualizerViewController.h */ = {isa = PBXFileReference; lastKnownFileType = sourcecode.c.h; name = NPVisualizerViewController.h; path = Classes/NPVisualizerViewController.h; sourceTree = "<group>"; };
		EDC55C6C166E702400765AED /* NPVisualizerViewController.m */ = {isa = PBXFileReference; lastKnownFileType = sourcecode.c.objc; name = NPVisualizerViewController.m; path = Classes/NPVisualizerViewController.m; sourceTree = "<group>"; };
		EDC55C73166E702400765AED /* NerusphereSETests.octest */ = {isa = PBXFileReference; explicitFileType = wrapper.cfbundle; includeInIndex = 0; path = NerusphereSETests.octest; sourceTree = BUILT_PRODUCTS_DIR; };
		EDC55C74166E702400765AED /* SenTestingKit.framework */ = {isa = PBXFileReference; lastKnownFileType = wrapper.framework; name = SenTestingKit.framework; path = Library/Frameworks/SenTestingKit.framework; sourceTree = DEVELOPER_DIR; };
		EDC55C7C166E702400765AED /* NerusphereSETests-Info.plist */ = {isa = PBXFileReference; lastKnownFileType = text.plist.xml; path = "NerusphereSETests-Info.plist"; sourceTree = "<group>"; };
		EDC55C7E166E702400765AED /* en */ = {isa = PBXFileReference; lastKnownFileType = text.plist.strings; name = en; path = en.lproj/InfoPlist.strings; sourceTree = "<group>"; };
		EDC55C80166E702400765AED /* NerusphereSETests.h */ = {isa = PBXFileReference; lastKnownFileType = sourcecode.c.h; path = NerusphereSETests.h; sourceTree = "<group>"; };
		EDC55C81166E702400765AED /* NerusphereSETests.m */ = {isa = PBXFileReference; lastKnownFileType = sourcecode.c.objc; path = NerusphereSETests.m; sourceTree = "<group>"; };
		EDC55C8D166E708C00765AED /* main.m */ = {isa = PBXFileReference; fileEncoding = 4; lastKnownFileType = sourcecode.c.objc; name = main.m; path = Classes/main.m; sourceTree = "<group>"; };
		EDC55C94166E711400765AED /* CCGLTouchAppDelegate.h */ = {isa = PBXFileReference; fileEncoding = 4; lastKnownFileType = sourcecode.c.h; path = CCGLTouchAppDelegate.h; sourceTree = "<group>"; };
		EDC55C95166E711400765AED /* CCGLTouchAppDelegate.mm */ = {isa = PBXFileReference; fileEncoding = 4; lastKnownFileType = sourcecode.cpp.objcpp; path = CCGLTouchAppDelegate.mm; sourceTree = "<group>"; };
		EDC55C96166E711400765AED /* CCGLTouchView.h */ = {isa = PBXFileReference; fileEncoding = 4; lastKnownFileType = sourcecode.c.h; path = CCGLTouchView.h; sourceTree = "<group>"; };
		EDC55C97166E711400765AED /* CCGLTouchView.mm */ = {isa = PBXFileReference; fileEncoding = 4; lastKnownFileType = sourcecode.cpp.objcpp; path = CCGLTouchView.mm; sourceTree = "<group>"; };
		EDC55C98166E711400765AED /* CCGLTouchViewController.h */ = {isa = PBXFileReference; fileEncoding = 4; lastKnownFileType = sourcecode.c.h; path = CCGLTouchViewController.h; sourceTree = "<group>"; };
		EDC55C99166E711400765AED /* CCGLTouchViewController.mm */ = {isa = PBXFileReference; fileEncoding = 4; lastKnownFileType = sourcecode.cpp.objcpp; path = CCGLTouchViewController.mm; sourceTree = "<group>"; };
		EDC55CA1166E731200765AED /* AudioToolbox.framework */ = {isa = PBXFileReference; lastKnownFileType = wrapper.framework; name = AudioToolbox.framework; path = System/Library/Frameworks/AudioToolbox.framework; sourceTree = SDKROOT; };
		EDC55CA2166E731200765AED /* AVFoundation.framework */ = {isa = PBXFileReference; lastKnownFileType = wrapper.framework; name = AVFoundation.framework; path = System/Library/Frameworks/AVFoundation.framework; sourceTree = SDKROOT; };
		EDC55CA3166E731200765AED /* CoreMedia.framework */ = {isa = PBXFileReference; lastKnownFileType = wrapper.framework; name = CoreMedia.framework; path = System/Library/Frameworks/CoreMedia.framework; sourceTree = SDKROOT; };
		EDC55CA4166E731200765AED /* CoreText.framework */ = {isa = PBXFileReference; lastKnownFileType = wrapper.framework; name = CoreText.framework; path = System/Library/Frameworks/CoreText.framework; sourceTree = SDKROOT; };
		EDC55CA5166E731200765AED /* OpenGLES.framework */ = {isa = PBXFileReference; lastKnownFileType = wrapper.framework; name = OpenGLES.framework; path = System/Library/Frameworks/OpenGLES.framework; sourceTree = SDKROOT; };
		EDC55CA6166E731200765AED /* QuartzCore.framework */ = {isa = PBXFileReference; lastKnownFileType = wrapper.framework; name = QuartzCore.framework; path = System/Library/Frameworks/QuartzCore.framework; sourceTree = SDKROOT; };
		EDC55CB4166E735600765AED /* CoreAudio.framework */ = {isa = PBXFileReference; lastKnownFileType = wrapper.framework; name = CoreAudio.framework; path = System/Library/Frameworks/CoreAudio.framework; sourceTree = SDKROOT; };
		EDC55CB7166E737100765AED /* CoreVideo.framework */ = {isa = PBXFileReference; lastKnownFileType = wrapper.framework; name = CoreVideo.framework; path = System/Library/Frameworks/CoreVideo.framework; sourceTree = SDKROOT; };
/* End PBXFileReference section */

/* Begin PBXFrameworksBuildPhase section */
		EDC55C46166E702400765AED /* Frameworks */ = {
			isa = PBXFrameworksBuildPhase;
			buildActionMask = 2147483647;
			files = (
				EDC55CAE166E732A00765AED /* AVFoundation.framework in Frameworks */,
				EDC55CAF166E732A00765AED /* CoreMedia.framework in Frameworks */,
				EDC55C50166E702400765AED /* Foundation.framework in Frameworks */,
				EDC55C4E166E702400765AED /* UIKit.framework in Frameworks */,
				EDC55CB1166E732A00765AED /* OpenGLES.framework in Frameworks */,
				EDC55CB2166E732A00765AED /* QuartzCore.framework in Frameworks */,
				EDC55C52166E702400765AED /* CoreGraphics.framework in Frameworks */,
				EDC55CB9166E737D00765AED /* CoreVideo.framework in Frameworks */,
				EDC55CB6166E736500765AED /* CoreAudio.framework in Frameworks */,
				EDC55CB0166E732A00765AED /* CoreText.framework in Frameworks */,
				EDC55CAD166E732A00765AED /* AudioToolbox.framework in Frameworks */,
			);
			runOnlyForDeploymentPostprocessing = 0;
		};
		EDC55C6F166E702400765AED /* Frameworks */ = {
			isa = PBXFrameworksBuildPhase;
			buildActionMask = 2147483647;
			files = (
				EDC55C75166E702400765AED /* SenTestingKit.framework in Frameworks */,
				EDC55C76166E702400765AED /* UIKit.framework in Frameworks */,
				EDC55C77166E702400765AED /* Foundation.framework in Frameworks */,
			);
			runOnlyForDeploymentPostprocessing = 0;
		};
/* End PBXFrameworksBuildPhase section */

/* Begin PBXGroup section */
		EDC55C3E166E702400765AED = {
			isa = PBXGroup;
			children = (
				EDC55C53166E702400765AED /* NerusphereSE */,
				EDC55C7A166E702400765AED /* NerusphereSETests */,
				EDC55C4C166E702400765AED /* Frameworks */,
				EDC55C4A166E702400765AED /* Products */,
			);
			sourceTree = "<group>";
		};
		EDC55C4A166E702400765AED /* Products */ = {
			isa = PBXGroup;
			children = (
				EDC55C49166E702400765AED /* NerusphereSE.app */,
				EDC55C73166E702400765AED /* NerusphereSETests.octest */,
			);
			name = Products;
			sourceTree = "<group>";
		};
		EDC55C4C166E702400765AED /* Frameworks */ = {
			isa = PBXGroup;
			children = (
				EDC55CB7166E737100765AED /* CoreVideo.framework */,
				EDC55CB4166E735600765AED /* CoreAudio.framework */,
				EDC55CA1166E731200765AED /* AudioToolbox.framework */,
				EDC55CA2166E731200765AED /* AVFoundation.framework */,
				EDC55CA3166E731200765AED /* CoreMedia.framework */,
				EDC55CA4166E731200765AED /* CoreText.framework */,
				EDC55CA5166E731200765AED /* OpenGLES.framework */,
				EDC55CA6166E731200765AED /* QuartzCore.framework */,
				EDC55C4D166E702400765AED /* UIKit.framework */,
				EDC55C4F166E702400765AED /* Foundation.framework */,
				EDC55C51166E702400765AED /* CoreGraphics.framework */,
				EDC55C74166E702400765AED /* SenTestingKit.framework */,
			);
			name = Frameworks;
			sourceTree = "<group>";
		};
		EDC55C53166E702400765AED /* NerusphereSE */ = {
			isa = PBXGroup;
			children = (
				EDC55C5C166E702400765AED /* NPAppDelegate.h */,
				EDC55C5D166E702400765AED /* NPAppDelegate.mm */,
				EDC55C6B166E702400765AED /* NPVisualizerViewController.h */,
				EDC55C6C166E702400765AED /* NPVisualizerViewController.m */,
				EDC55C65166E702400765AED /* MainStoryboard_iPhone.storyboard */,
				EDC55C68166E702400765AED /* MainStoryboard_iPad.storyboard */,
				EDC55C54166E702400765AED /* Supporting Files */,
				EDC55C8B166E703000765AED /* Thirdparty */,
			);
			path = NerusphereSE;
			sourceTree = "<group>";
		};
		EDC55C54166E702400765AED /* Supporting Files */ = {
			isa = PBXGroup;
			children = (
				EDC55C55166E702400765AED /* NerusphereSE-Info.plist */,
				EDC55C56166E702400765AED /* InfoPlist.strings */,
				EDC55C8D166E708C00765AED /* main.m */,
				EDC55C5B166E702400765AED /* NerusphereSE-Prefix.pch */,
				EDC55C5F166E702400765AED /* Default.png */,
				EDC55C61166E702400765AED /* Default@2x.png */,
				EDC55C63166E702400765AED /* Default-568h@2x.png */,
			);
			name = "Supporting Files";
			sourceTree = "<group>";
		};
		EDC55C7A166E702400765AED /* NerusphereSETests */ = {
			isa = PBXGroup;
			children = (
				EDC55C80166E702400765AED /* NerusphereSETests.h */,
				EDC55C81166E702400765AED /* NerusphereSETests.m */,
				EDC55C7B166E702400765AED /* Supporting Files */,
			);
			path = NerusphereSETests;
			sourceTree = "<group>";
		};
		EDC55C7B166E702400765AED /* Supporting Files */ = {
			isa = PBXGroup;
			children = (
				EDC55C7C166E702400765AED /* NerusphereSETests-Info.plist */,
				EDC55C7D166E702400765AED /* InfoPlist.strings */,
			);
			name = "Supporting Files";
			sourceTree = "<group>";
		};
		EDC55C8B166E703000765AED /* Thirdparty */ = {
			isa = PBXGroup;
			children = (
				EDC55C93166E711400765AED /* CCGLTouch */,
			);
			name = Thirdparty;
			sourceTree = "<group>";
		};
		EDC55C93166E711400765AED /* CCGLTouch */ = {
			isa = PBXGroup;
			children = (
				EDC55C94166E711400765AED /* CCGLTouchAppDelegate.h */,
				EDC55C95166E711400765AED /* CCGLTouchAppDelegate.mm */,
				EDC55C96166E711400765AED /* CCGLTouchView.h */,
				EDC55C97166E711400765AED /* CCGLTouchView.mm */,
				EDC55C98166E711400765AED /* CCGLTouchViewController.h */,
				EDC55C99166E711400765AED /* CCGLTouchViewController.mm */,
			);
			name = CCGLTouch;
			path = Thirdparty/CCGLTouch;
			sourceTree = "<group>";
		};
/* End PBXGroup section */

/* Begin PBXNativeTarget section */
		EDC55C48166E702400765AED /* NerusphereSE */ = {
			isa = PBXNativeTarget;
			buildConfigurationList = EDC55C85166E702400765AED /* Build configuration list for PBXNativeTarget "NerusphereSE" */;
			buildPhases = (
				EDC55C45166E702400765AED /* Sources */,
				EDC55C46166E702400765AED /* Frameworks */,
				EDC55C47166E702400765AED /* Resources */,
			);
			buildRules = (
			);
			dependencies = (
			);
			name = NerusphereSE;
			productName = NerusphereSE;
			productReference = EDC55C49166E702400765AED /* NerusphereSE.app */;
			productType = "com.apple.product-type.application";
		};
		EDC55C72166E702400765AED /* NerusphereSETests */ = {
			isa = PBXNativeTarget;
			buildConfigurationList = EDC55C88166E702400765AED /* Build configuration list for PBXNativeTarget "NerusphereSETests" */;
			buildPhases = (
				EDC55C6E166E702400765AED /* Sources */,
				EDC55C6F166E702400765AED /* Frameworks */,
				EDC55C70166E702400765AED /* Resources */,
				EDC55C71166E702400765AED /* ShellScript */,
			);
			buildRules = (
			);
			dependencies = (
				EDC55C79166E702400765AED /* PBXTargetDependency */,
			);
			name = NerusphereSETests;
			productName = NerusphereSETests;
			productReference = EDC55C73166E702400765AED /* NerusphereSETests.octest */;
			productType = "com.apple.product-type.bundle";
		};
/* End PBXNativeTarget section */

/* Begin PBXProject section */
		EDC55C40166E702400765AED /* Project object */ = {
			isa = PBXProject;
			attributes = {
				CLASSPREFIX = NP;
				LastUpgradeCheck = 0450;
				ORGANIZATIONNAME = "Mario Gonzalez";
			};
			buildConfigurationList = EDC55C43166E702400765AED /* Build configuration list for PBXProject "NerusphereSE" */;
			compatibilityVersion = "Xcode 3.2";
			developmentRegion = English;
			hasScannedForEncodings = 0;
			knownRegions = (
				en,
			);
			mainGroup = EDC55C3E166E702400765AED;
			productRefGroup = EDC55C4A166E702400765AED /* Products */;
			projectDirPath = "";
			projectRoot = "";
			targets = (
				EDC55C48166E702400765AED /* NerusphereSE */,
				EDC55C72166E702400765AED /* NerusphereSETests */,
			);
		};
/* End PBXProject section */

/* Begin PBXResourcesBuildPhase section */
		EDC55C47166E702400765AED /* Resources */ = {
			isa = PBXResourcesBuildPhase;
			buildActionMask = 2147483647;
			files = (
				EDC55C58166E702400765AED /* InfoPlist.strings in Resources */,
				EDC55C60166E702400765AED /* Default.png in Resources */,
				EDC55C62166E702400765AED /* Default@2x.png in Resources */,
				EDC55C64166E702400765AED /* Default-568h@2x.png in Resources */,
				EDC55C67166E702400765AED /* MainStoryboard_iPhone.storyboard in Resources */,
				EDC55C6A166E702400765AED /* MainStoryboard_iPad.storyboard in Resources */,
			);
			runOnlyForDeploymentPostprocessing = 0;
		};
		EDC55C70166E702400765AED /* Resources */ = {
			isa = PBXResourcesBuildPhase;
			buildActionMask = 2147483647;
			files = (
				EDC55C7F166E702400765AED /* InfoPlist.strings in Resources */,
			);
			runOnlyForDeploymentPostprocessing = 0;
		};
/* End PBXResourcesBuildPhase section */

/* Begin PBXShellScriptBuildPhase section */
		EDC55C71166E702400765AED /* ShellScript */ = {
			isa = PBXShellScriptBuildPhase;
			buildActionMask = 2147483647;
			files = (
			);
			inputPaths = (
			);
			outputPaths = (
			);
			runOnlyForDeploymentPostprocessing = 0;
			shellPath = /bin/sh;
			shellScript = "# Run the unit tests in this test bundle.\n\"${SYSTEM_DEVELOPER_DIR}/Tools/RunUnitTests\"\n";
		};
/* End PBXShellScriptBuildPhase section */

/* Begin PBXSourcesBuildPhase section */
		EDC55C45166E702400765AED /* Sources */ = {
			isa = PBXSourcesBuildPhase;
			buildActionMask = 2147483647;
			files = (
				EDC55C5E166E702400765AED /* NPAppDelegate.mm in Sources */,
				EDC55C6D166E702400765AED /* NPVisualizerViewController.m in Sources */,
				EDC55C8E166E708C00765AED /* main.m in Sources */,
				EDC55C9A166E711400765AED /* CCGLTouchAppDelegate.mm in Sources */,
				EDC55C9B166E711400765AED /* CCGLTouchView.mm in Sources */,
				EDC55C9C166E711400765AED /* CCGLTouchViewController.mm in Sources */,
			);
			runOnlyForDeploymentPostprocessing = 0;
		};
		EDC55C6E166E702400765AED /* Sources */ = {
			isa = PBXSourcesBuildPhase;
			buildActionMask = 2147483647;
			files = (
				EDC55C82166E702400765AED /* NerusphereSETests.m in Sources */,
			);
			runOnlyForDeploymentPostprocessing = 0;
		};
/* End PBXSourcesBuildPhase section */

/* Begin PBXTargetDependency section */
		EDC55C79166E702400765AED /* PBXTargetDependency */ = {
			isa = PBXTargetDependency;
			target = EDC55C48166E702400765AED /* NerusphereSE */;
			targetProxy = EDC55C78166E702400765AED /* PBXContainerItemProxy */;
		};
/* End PBXTargetDependency section */

/* Begin PBXVariantGroup section */
		EDC55C56166E702400765AED /* InfoPlist.strings */ = {
			isa = PBXVariantGroup;
			children = (
				EDC55C57166E702400765AED /* en */,
			);
			name = InfoPlist.strings;
			sourceTree = "<group>";
		};
		EDC55C65166E702400765AED /* MainStoryboard_iPhone.storyboard */ = {
			isa = PBXVariantGroup;
			children = (
				EDC55C66166E702400765AED /* en */,
			);
			name = MainStoryboard_iPhone.storyboard;
			sourceTree = "<group>";
		};
		EDC55C68166E702400765AED /* MainStoryboard_iPad.storyboard */ = {
			isa = PBXVariantGroup;
			children = (
				EDC55C69166E702400765AED /* en */,
			);
			name = MainStoryboard_iPad.storyboard;
			sourceTree = "<group>";
		};
		EDC55C7D166E702400765AED /* InfoPlist.strings */ = {
			isa = PBXVariantGroup;
			children = (
				EDC55C7E166E702400765AED /* en */,
			);
			name = InfoPlist.strings;
			sourceTree = "<group>";
		};
/* End PBXVariantGroup section */

/* Begin XCBuildConfiguration section */
		EDC55C83166E702400765AED /* Debug */ = {
			isa = XCBuildConfiguration;
			buildSettings = {
				ALWAYS_SEARCH_USER_PATHS = NO;
				CLANG_CXX_LANGUAGE_STANDARD = "gnu++0x";
				CLANG_CXX_LIBRARY = "libc++";
				CLANG_ENABLE_OBJC_ARC = YES;
				CLANG_WARN_EMPTY_BODY = YES;
				CLANG_WARN__DUPLICATE_METHOD_MATCH = YES;
				"CODE_SIGN_IDENTITY[sdk=iphoneos*]" = "iPhone Developer";
				COPY_PHASE_STRIP = NO;
				GCC_C_LANGUAGE_STANDARD = gnu99;
				GCC_DYNAMIC_NO_PIC = NO;
				GCC_OPTIMIZATION_LEVEL = 0;
				GCC_PREPROCESSOR_DEFINITIONS = (
					"DEBUG=1",
					"$(inherited)",
				);
				GCC_SYMBOLS_PRIVATE_EXTERN = NO;
				GCC_WARN_ABOUT_RETURN_TYPE = YES;
				GCC_WARN_UNINITIALIZED_AUTOS = YES;
				GCC_WARN_UNUSED_VARIABLE = YES;
				IPHONEOS_DEPLOYMENT_TARGET = 6.0;
				SDKROOT = iphoneos;
				TARGETED_DEVICE_FAMILY = "1,2";
			};
			name = Debug;
		};
		EDC55C84166E702400765AED /* Release */ = {
			isa = XCBuildConfiguration;
			buildSettings = {
				ALWAYS_SEARCH_USER_PATHS = NO;
				CLANG_CXX_LANGUAGE_STANDARD = "gnu++0x";
				CLANG_CXX_LIBRARY = "libc++";
				CLANG_ENABLE_OBJC_ARC = YES;
				CLANG_WARN_EMPTY_BODY = YES;
				CLANG_WARN__DUPLICATE_METHOD_MATCH = YES;
				"CODE_SIGN_IDENTITY[sdk=iphoneos*]" = "iPhone Developer";
				COPY_PHASE_STRIP = YES;
				GCC_C_LANGUAGE_STANDARD = gnu99;
				GCC_WARN_ABOUT_RETURN_TYPE = YES;
				GCC_WARN_UNINITIALIZED_AUTOS = YES;
				GCC_WARN_UNUSED_VARIABLE = YES;
				IPHONEOS_DEPLOYMENT_TARGET = 6.0;
				OTHER_CFLAGS = "-DNS_BLOCK_ASSERTIONS=1";
				SDKROOT = iphoneos;
				TARGETED_DEVICE_FAMILY = "1,2";
				VALIDATE_PRODUCT = YES;
			};
			name = Release;
		};
		EDC55C86166E702400765AED /* Debug */ = {
			isa = XCBuildConfiguration;
			buildSettings = {
				CINDER_PATH = ../../../LIBRARY/Cinder;
				CLANG_CXX_LANGUAGE_STANDARD = "compiler-default";
				CLANG_CXX_LIBRARY = "compiler-default";
				FRAMEWORK_SEARCH_PATHS = (
					"$(inherited)",
					"\"$(SYSTEM_APPS_DIR)/Xcode.app/Contents/Developer/Library/Frameworks\"",
				);
				GCC_PRECOMPILE_PREFIX_HEADER = YES;
				GCC_PREFIX_HEADER = "NerusphereSE/NerusphereSE-Prefix.pch";
				GCC_VERSION = com.apple.compilers.llvm.clang.1_0;
				HEADER_SEARCH_PATHS = "$(CINDER_PATH)/boost";
				INFOPLIST_FILE = "NerusphereSE/NerusphereSE-Info.plist";
				OTHER_LDFLAGS = (
					"\"$(CINDER_PATH)/lib/libcinder-iphone_d.a\"",
					"-lz",
				);
				"OTHER_LDFLAGS[sdk=iphoneos*]" = (
					"\"$(CINDER_PATH)/lib/libcinder-iphone_d.a\"",
					"-lz",
				);
				"OTHER_LDFLAGS[sdk=iphonesimulator*]" = (
					"\"$(CINDER_PATH)/lib/libcinder-iphone-sim_d.a\"",
					"-lz",
				);
				PREBINDING = NO;
				PRODUCT_NAME = "$(TARGET_NAME)";
				USER_HEADER_SEARCH_PATHS = "$(CINDER_PATH)/include";
				WARNING_LDFLAGS = "-v";
				WRAPPER_EXTENSION = app;
			};
			name = Debug;
		};
		EDC55C87166E702400765AED /* Release */ = {
			isa = XCBuildConfiguration;
			buildSettings = {
				CINDER_PATH = ../../../LIBRARY/Cinder;
				CLANG_CXX_LANGUAGE_STANDARD = "compiler-default";
				CLANG_CXX_LIBRARY = "compiler-default";
				FRAMEWORK_SEARCH_PATHS = (
					"$(inherited)",
					"\"$(SYSTEM_APPS_DIR)/Xcode.app/Contents/Developer/Library/Frameworks\"",
				);
				GCC_PRECOMPILE_PREFIX_HEADER = YES;
				GCC_PREFIX_HEADER = "NerusphereSE/NerusphereSE-Prefix.pch";
				GCC_VERSION = com.apple.compilers.llvm.clang.1_0;
				HEADER_SEARCH_PATHS = "$(CINDER_PATH)/boost";
				INFOPLIST_FILE = "NerusphereSE/NerusphereSE-Info.plist";
				OTHER_LDFLAGS = (
					"\"$(CINDER_PATH)/lib/libcinder-iphone_d.a\"",
					"-lz",
				);
				"OTHER_LDFLAGS[sdk=iphoneos*]" = (
					"\"$(CINDER_PATH)/lib/libcinder-iphone.a\"",
					"-lz",
				);
				"OTHER_LDFLAGS[sdk=iphonesimulator*]" = (
					"\"$(CINDER_PATH)/lib/libcinder-iphone-sim.a\"",
					"-lz",
				);
				PREBINDING = NO;
				PRODUCT_NAME = "$(TARGET_NAME)";
				USER_HEADER_SEARCH_PATHS = "$(CINDER_PATH)/include";
				WARNING_LDFLAGS = "-v";
				WRAPPER_EXTENSION = app;
			};
			name = Release;
		};
		EDC55C89166E702400765AED /* Debug */ = {
			isa = XCBuildConfiguration;
			buildSettings = {
				BUNDLE_LOADER = "$(BUILT_PRODUCTS_DIR)/NerusphereSE.app/NerusphereSE";
				FRAMEWORK_SEARCH_PATHS = (
					"\"$(SDKROOT)/Developer/Library/Frameworks\"",
					"\"$(DEVELOPER_LIBRARY_DIR)/Frameworks\"",
				);
				GCC_PRECOMPILE_PREFIX_HEADER = YES;
				GCC_PREFIX_HEADER = "NerusphereSE/NerusphereSE-Prefix.pch";
				INFOPLIST_FILE = "NerusphereSETests/NerusphereSETests-Info.plist";
				PRODUCT_NAME = "$(TARGET_NAME)";
				TEST_HOST = "$(BUNDLE_LOADER)";
				WRAPPER_EXTENSION = octest;
			};
			name = Debug;
		};
		EDC55C8A166E702400765AED /* Release */ = {
			isa = XCBuildConfiguration;
			buildSettings = {
				BUNDLE_LOADER = "$(BUILT_PRODUCTS_DIR)/NerusphereSE.app/NerusphereSE";
				FRAMEWORK_SEARCH_PATHS = (
					"\"$(SDKROOT)/Developer/Library/Frameworks\"",
					"\"$(DEVELOPER_LIBRARY_DIR)/Frameworks\"",
				);
				GCC_PRECOMPILE_PREFIX_HEADER = YES;
				GCC_PREFIX_HEADER = "NerusphereSE/NerusphereSE-Prefix.pch";
				INFOPLIST_FILE = "NerusphereSETests/NerusphereSETests-Info.plist";
				PRODUCT_NAME = "$(TARGET_NAME)";
				TEST_HOST = "$(BUNDLE_LOADER)";
				WRAPPER_EXTENSION = octest;
			};
			name = Release;
		};
/* End XCBuildConfiguration section */

/* Begin XCConfigurationList section */
		EDC55C43166E702400765AED /* Build configuration list for PBXProject "NerusphereSE" */ = {
			isa = XCConfigurationList;
			buildConfigurations = (
				EDC55C83166E702400765AED /* Debug */,
				EDC55C84166E702400765AED /* Release */,
			);
			defaultConfigurationIsVisible = 0;
			defaultConfigurationName = Release;
		};
		EDC55C85166E702400765AED /* Build configuration list for PBXNativeTarget "NerusphereSE" */ = {
			isa = XCConfigurationList;
			buildConfigurations = (
				EDC55C86166E702400765AED /* Debug */,
				EDC55C87166E702400765AED /* Release */,
			);
			defaultConfigurationIsVisible = 0;
		};
		EDC55C88166E702400765AED /* Build configuration list for PBXNativeTarget "NerusphereSETests" */ = {
			isa = XCConfigurationList;
			buildConfigurations = (
				EDC55C89166E702400765AED /* Debug */,
				EDC55C8A166E702400765AED /* Release */,
			);
			defaultConfigurationIsVisible = 0;
		};
/* End XCConfigurationList section */
	};
	rootObject = EDC55C40166E702400765AED /* Project object */;
}
